// !$*UTF8*$!
{
	archiveVersion = 1;
	classes = {
	};
	objectVersion = 46;
	objects = {

/* Begin PBXBuildFile section */
		642056FE1BDA52D200531C50 /* ZypeSDKTests.swift in Sources */ = {isa = PBXBuildFile; fileRef = 642056FD1BDA52D200531C50 /* ZypeSDKTests.swift */; };
		642057001BDA52D200531C50 /* ZypeSDK.framework in Frameworks */ = {isa = PBXBuildFile; fileRef = 64F589EF1BD8145500777E4A /* ZypeSDK.framework */; };
		642EBCC21BE39D2B0002D858 /* BaseUrl.swift in Sources */ = {isa = PBXBuildFile; fileRef = 642EBCC11BE39D2B0002D858 /* BaseUrl.swift */; };
		646E05B31BEB86CE00C3C053 /* VideoObjectModel.swift in Sources */ = {isa = PBXBuildFile; fileRef = 646E05B21BEB86CE00C3C053 /* VideoObjectModel.swift */; };
		6470AD201BD9404B002D8D4C /* ZypeApiConstants.swift in Sources */ = {isa = PBXBuildFile; fileRef = 6470AD1F1BD9404B002D8D4C /* ZypeApiConstants.swift */; };
		6470AD221BD949D7002D8D4C /* ZobjectTypeModel.swift in Sources */ = {isa = PBXBuildFile; fileRef = 6470AD211BD949D7002D8D4C /* ZobjectTypeModel.swift */; };
		6470AD241BD949EA002D8D4C /* ZobjectModel.swift in Sources */ = {isa = PBXBuildFile; fileRef = 6470AD231BD949EA002D8D4C /* ZobjectModel.swift */; };
		6470AD261BD94F4A002D8D4C /* ZypeTokenManager.swift in Sources */ = {isa = PBXBuildFile; fileRef = 6470AD251BD94F4A002D8D4C /* ZypeTokenManager.swift */; };
		6470AD281BD9500B002D8D4C /* ZypeLog.swift in Sources */ = {isa = PBXBuildFile; fileRef = 6470AD271BD9500B002D8D4C /* ZypeLog.swift */; };
		64B85CCD1BE3788A00B782A8 /* ZypeFactory.swift in Sources */ = {isa = PBXBuildFile; fileRef = 64B85CCC1BE3788A00B782A8 /* ZypeFactory.swift */; };
		64B85CD41BE37ECB00B782A8 /* VimeoUrl.swift in Sources */ = {isa = PBXBuildFile; fileRef = 64B85CD31BE37ECB00B782A8 /* VimeoUrl.swift */; };
		64BD4B021BE90B0400B90A29 /* ContentModel.swift in Sources */ = {isa = PBXBuildFile; fileRef = 64BD4B011BE90B0400B90A29 /* ContentModel.swift */; };
		64C1F4F41BE0DC11001D0F67 /* QueryPlaylistsModel.swift in Sources */ = {isa = PBXBuildFile; fileRef = 64C1F4F31BE0DC11001D0F67 /* QueryPlaylistsModel.swift */; };
		64C1F4F61BE0DDCD001D0F67 /* PlaylistModel.swift in Sources */ = {isa = PBXBuildFile; fileRef = 64C1F4F51BE0DDCD001D0F67 /* PlaylistModel.swift */; };
		64C1F4F81BE11788001D0F67 /* QueryRetrieveVideosInPlaylistModel.swift in Sources */ = {isa = PBXBuildFile; fileRef = 64C1F4F71BE11788001D0F67 /* QueryRetrieveVideosInPlaylistModel.swift */; };
		64C1F4FC1BE1243E001D0F67 /* ZypeJSONConstants.swift in Sources */ = {isa = PBXBuildFile; fileRef = 64C1F4FB1BE1243E001D0F67 /* ZypeJSONConstants.swift */; };
		64EC013F1BDE3E5900588E4C /* ZypeErrorConstants.swift in Sources */ = {isa = PBXBuildFile; fileRef = 64EC013E1BDE3E5900588E4C /* ZypeErrorConstants.swift */; };
		64EC01411BDE879800588E4C /* QuerySubscriptionsModel.swift in Sources */ = {isa = PBXBuildFile; fileRef = 64EC01401BDE879800588E4C /* QuerySubscriptionsModel.swift */; };
		64EC01431BDE8AA000588E4C /* SettingsModel.swift in Sources */ = {isa = PBXBuildFile; fileRef = 64EC01421BDE8AA000588E4C /* SettingsModel.swift */; };
		64EC01451BDE92C800588E4C /* SubscriptionModel.swift in Sources */ = {isa = PBXBuildFile; fileRef = 64EC01441BDE92C800588E4C /* SubscriptionModel.swift */; };
		64F589F31BD8145500777E4A /* ZypeSDK.h in Headers */ = {isa = PBXBuildFile; fileRef = 64F589F21BD8145500777E4A /* ZypeSDK.h */; settings = {ATTRIBUTES = (Public, ); }; };
		64F58A131BD814BA00777E4A /* ConsumerModel.swift in Sources */ = {isa = PBXBuildFile; fileRef = 64F58A041BD814BA00777E4A /* ConsumerModel.swift */; };
		64F58A141BD814BA00777E4A /* QueryBaseModel.swift in Sources */ = {isa = PBXBuildFile; fileRef = 64F58A061BD814BA00777E4A /* QueryBaseModel.swift */; };
		64F58A151BD814BA00777E4A /* QueryCategoriesModel.swift in Sources */ = {isa = PBXBuildFile; fileRef = 64F58A071BD814BA00777E4A /* QueryCategoriesModel.swift */; };
		64F58A161BD814BA00777E4A /* QueryVideosModel.swift in Sources */ = {isa = PBXBuildFile; fileRef = 64F58A081BD814BA00777E4A /* QueryVideosModel.swift */; };
		64F58A171BD814BA00777E4A /* QueryZobjectsModel.swift in Sources */ = {isa = PBXBuildFile; fileRef = 64F58A091BD814BA00777E4A /* QueryZobjectsModel.swift */; };
		64F58A181BD814BA00777E4A /* QueryZobjectTypesModel.swift in Sources */ = {isa = PBXBuildFile; fileRef = 64F58A0A1BD814BA00777E4A /* QueryZobjectTypesModel.swift */; };
		64F58A191BD814BA00777E4A /* BaseModel.swift in Sources */ = {isa = PBXBuildFile; fileRef = 64F58A0C1BD814BA00777E4A /* BaseModel.swift */; };
		64F58A1A1BD814BA00777E4A /* CategoryModel.swift in Sources */ = {isa = PBXBuildFile; fileRef = 64F58A0D1BD814BA00777E4A /* CategoryModel.swift */; };
		64F58A1B1BD814BA00777E4A /* CategoryValueModel.swift in Sources */ = {isa = PBXBuildFile; fileRef = 64F58A0E1BD814BA00777E4A /* CategoryValueModel.swift */; };
		64F58A1C1BD814BA00777E4A /* FavoriteModel.swift in Sources */ = {isa = PBXBuildFile; fileRef = 64F58A0F1BD814BA00777E4A /* FavoriteModel.swift */; };
		64F58A1D1BD814BA00777E4A /* VideoModel.swift in Sources */ = {isa = PBXBuildFile; fileRef = 64F58A101BD814BA00777E4A /* VideoModel.swift */; };
		64F58A1E1BD814BA00777E4A /* ThumbnailModel.swift in Sources */ = {isa = PBXBuildFile; fileRef = 64F58A111BD814BA00777E4A /* ThumbnailModel.swift */; };
		64F58A1F1BD814BA00777E4A /* ZypeTokenModel.swift in Sources */ = {isa = PBXBuildFile; fileRef = 64F58A121BD814BA00777E4A /* ZypeTokenModel.swift */; };
		64F58A221BD8150F00777E4A /* SSUtils.swift in Sources */ = {isa = PBXBuildFile; fileRef = 64F58A211BD8150F00777E4A /* SSUtils.swift */; };
		64F58A2D1BD8154200777E4A /* ZypeRESTController.swift in Sources */ = {isa = PBXBuildFile; fileRef = 64F58A241BD8154200777E4A /* ZypeRESTController.swift */; };
		64F58A301BD8154200777E4A /* ZypeConstants.swift in Sources */ = {isa = PBXBuildFile; fileRef = 64F58A281BD8154200777E4A /* ZypeConstants.swift */; };
		64F58A311BD8154200777E4A /* ZypeCacheManager.swift in Sources */ = {isa = PBXBuildFile; fileRef = 64F58A2A1BD8154200777E4A /* ZypeCacheManager.swift */; };
		64F58A321BD8154200777E4A /* ZypeDataManager.swift in Sources */ = {isa = PBXBuildFile; fileRef = 64F58A2B1BD8154200777E4A /* ZypeDataManager.swift */; };
		64F58A331BD8154200777E4A /* ZypeSDK.swift in Sources */ = {isa = PBXBuildFile; fileRef = 64F58A2C1BD8154200777E4A /* ZypeSDK.swift */; };
		81521FCF1C9F487300B12F18 /* QueryAppModel.swift in Sources */ = {isa = PBXBuildFile; fileRef = 81521FCE1C9F487300B12F18 /* QueryAppModel.swift */; };
		81521FD11C9F487D00B12F18 /* AppModel.swift in Sources */ = {isa = PBXBuildFile; fileRef = 81521FD01C9F487D00B12F18 /* AppModel.swift */; };
/* End PBXBuildFile section */

/* Begin PBXContainerItemProxy section */
		642057011BDA52D200531C50 /* PBXContainerItemProxy */ = {
			isa = PBXContainerItemProxy;
			containerPortal = 64F589E61BD8145500777E4A /* Project object */;
			proxyType = 1;
			remoteGlobalIDString = 64F589EE1BD8145500777E4A;
			remoteInfo = ZypeSDK;
		};
/* End PBXContainerItemProxy section */

/* Begin PBXFileReference section */
		642056FB1BDA52D200531C50 /* ZypeSDKTests.xctest */ = {isa = PBXFileReference; explicitFileType = wrapper.cfbundle; includeInIndex = 0; path = ZypeSDKTests.xctest; sourceTree = BUILT_PRODUCTS_DIR; };
		642056FD1BDA52D200531C50 /* ZypeSDKTests.swift */ = {isa = PBXFileReference; lastKnownFileType = sourcecode.swift; lineEnding = 0; path = ZypeSDKTests.swift; sourceTree = "<group>"; xcLanguageSpecificationIdentifier = xcode.lang.swift; };
		642056FF1BDA52D200531C50 /* Info.plist */ = {isa = PBXFileReference; lastKnownFileType = text.plist.xml; path = Info.plist; sourceTree = "<group>"; };
		642EBCC11BE39D2B0002D858 /* BaseUrl.swift */ = {isa = PBXFileReference; fileEncoding = 4; lastKnownFileType = sourcecode.swift; path = BaseUrl.swift; sourceTree = "<group>"; };
		646E05B21BEB86CE00C3C053 /* VideoObjectModel.swift */ = {isa = PBXFileReference; fileEncoding = 4; lastKnownFileType = sourcecode.swift; lineEnding = 0; path = VideoObjectModel.swift; sourceTree = "<group>"; xcLanguageSpecificationIdentifier = xcode.lang.swift; };
		6470AD1F1BD9404B002D8D4C /* ZypeApiConstants.swift */ = {isa = PBXFileReference; fileEncoding = 4; lastKnownFileType = sourcecode.swift; path = ZypeApiConstants.swift; sourceTree = "<group>"; };
		6470AD211BD949D7002D8D4C /* ZobjectTypeModel.swift */ = {isa = PBXFileReference; fileEncoding = 4; lastKnownFileType = sourcecode.swift; path = ZobjectTypeModel.swift; sourceTree = "<group>"; };
		6470AD231BD949EA002D8D4C /* ZobjectModel.swift */ = {isa = PBXFileReference; fileEncoding = 4; lastKnownFileType = sourcecode.swift; path = ZobjectModel.swift; sourceTree = "<group>"; };
		6470AD251BD94F4A002D8D4C /* ZypeTokenManager.swift */ = {isa = PBXFileReference; fileEncoding = 4; lastKnownFileType = sourcecode.swift; path = ZypeTokenManager.swift; sourceTree = "<group>"; };
		6470AD271BD9500B002D8D4C /* ZypeLog.swift */ = {isa = PBXFileReference; fileEncoding = 4; lastKnownFileType = sourcecode.swift; path = ZypeLog.swift; sourceTree = "<group>"; };
		64B85CCC1BE3788A00B782A8 /* ZypeFactory.swift */ = {isa = PBXFileReference; fileEncoding = 4; lastKnownFileType = sourcecode.swift; lineEnding = 0; path = ZypeFactory.swift; sourceTree = "<group>"; xcLanguageSpecificationIdentifier = xcode.lang.swift; };
		64B85CD31BE37ECB00B782A8 /* VimeoUrl.swift */ = {isa = PBXFileReference; fileEncoding = 4; lastKnownFileType = sourcecode.swift; lineEnding = 0; path = VimeoUrl.swift; sourceTree = "<group>"; xcLanguageSpecificationIdentifier = xcode.lang.swift; };
		64BD4B011BE90B0400B90A29 /* ContentModel.swift */ = {isa = PBXFileReference; fileEncoding = 4; lastKnownFileType = sourcecode.swift; path = ContentModel.swift; sourceTree = "<group>"; };
		64C1F4F31BE0DC11001D0F67 /* QueryPlaylistsModel.swift */ = {isa = PBXFileReference; fileEncoding = 4; lastKnownFileType = sourcecode.swift; path = QueryPlaylistsModel.swift; sourceTree = "<group>"; };
		64C1F4F51BE0DDCD001D0F67 /* PlaylistModel.swift */ = {isa = PBXFileReference; fileEncoding = 4; lastKnownFileType = sourcecode.swift; path = PlaylistModel.swift; sourceTree = "<group>"; };
		64C1F4F71BE11788001D0F67 /* QueryRetrieveVideosInPlaylistModel.swift */ = {isa = PBXFileReference; fileEncoding = 4; lastKnownFileType = sourcecode.swift; path = QueryRetrieveVideosInPlaylistModel.swift; sourceTree = "<group>"; };
		64C1F4FB1BE1243E001D0F67 /* ZypeJSONConstants.swift */ = {isa = PBXFileReference; fileEncoding = 4; lastKnownFileType = sourcecode.swift; path = ZypeJSONConstants.swift; sourceTree = "<group>"; };
		64EC013E1BDE3E5900588E4C /* ZypeErrorConstants.swift */ = {isa = PBXFileReference; fileEncoding = 4; lastKnownFileType = sourcecode.swift; path = ZypeErrorConstants.swift; sourceTree = "<group>"; };
		64EC01401BDE879800588E4C /* QuerySubscriptionsModel.swift */ = {isa = PBXFileReference; fileEncoding = 4; lastKnownFileType = sourcecode.swift; path = QuerySubscriptionsModel.swift; sourceTree = "<group>"; };
		64EC01421BDE8AA000588E4C /* SettingsModel.swift */ = {isa = PBXFileReference; fileEncoding = 4; lastKnownFileType = sourcecode.swift; path = SettingsModel.swift; sourceTree = "<group>"; };
		64EC01441BDE92C800588E4C /* SubscriptionModel.swift */ = {isa = PBXFileReference; fileEncoding = 4; lastKnownFileType = sourcecode.swift; path = SubscriptionModel.swift; sourceTree = "<group>"; };
		64F589EF1BD8145500777E4A /* ZypeSDK.framework */ = {isa = PBXFileReference; explicitFileType = wrapper.framework; includeInIndex = 0; path = ZypeSDK.framework; sourceTree = BUILT_PRODUCTS_DIR; };
		64F589F21BD8145500777E4A /* ZypeSDK.h */ = {isa = PBXFileReference; lastKnownFileType = sourcecode.c.h; path = ZypeSDK.h; sourceTree = "<group>"; };
		64F589F41BD8145500777E4A /* Info.plist */ = {isa = PBXFileReference; lastKnownFileType = text.plist.xml; path = Info.plist; sourceTree = "<group>"; };
		64F58A041BD814BA00777E4A /* ConsumerModel.swift */ = {isa = PBXFileReference; fileEncoding = 4; lastKnownFileType = sourcecode.swift; path = ConsumerModel.swift; sourceTree = "<group>"; };
		64F58A061BD814BA00777E4A /* QueryBaseModel.swift */ = {isa = PBXFileReference; fileEncoding = 4; lastKnownFileType = sourcecode.swift; path = QueryBaseModel.swift; sourceTree = "<group>"; };
		64F58A071BD814BA00777E4A /* QueryCategoriesModel.swift */ = {isa = PBXFileReference; fileEncoding = 4; lastKnownFileType = sourcecode.swift; path = QueryCategoriesModel.swift; sourceTree = "<group>"; };
		64F58A081BD814BA00777E4A /* QueryVideosModel.swift */ = {isa = PBXFileReference; fileEncoding = 4; lastKnownFileType = sourcecode.swift; path = QueryVideosModel.swift; sourceTree = "<group>"; };
		64F58A091BD814BA00777E4A /* QueryZobjectsModel.swift */ = {isa = PBXFileReference; fileEncoding = 4; lastKnownFileType = sourcecode.swift; path = QueryZobjectsModel.swift; sourceTree = "<group>"; };
		64F58A0A1BD814BA00777E4A /* QueryZobjectTypesModel.swift */ = {isa = PBXFileReference; fileEncoding = 4; lastKnownFileType = sourcecode.swift; path = QueryZobjectTypesModel.swift; sourceTree = "<group>"; };
		64F58A0C1BD814BA00777E4A /* BaseModel.swift */ = {isa = PBXFileReference; fileEncoding = 4; lastKnownFileType = sourcecode.swift; path = BaseModel.swift; sourceTree = "<group>"; };
		64F58A0D1BD814BA00777E4A /* CategoryModel.swift */ = {isa = PBXFileReference; fileEncoding = 4; lastKnownFileType = sourcecode.swift; path = CategoryModel.swift; sourceTree = "<group>"; };
		64F58A0E1BD814BA00777E4A /* CategoryValueModel.swift */ = {isa = PBXFileReference; fileEncoding = 4; lastKnownFileType = sourcecode.swift; path = CategoryValueModel.swift; sourceTree = "<group>"; };
		64F58A0F1BD814BA00777E4A /* FavoriteModel.swift */ = {isa = PBXFileReference; fileEncoding = 4; lastKnownFileType = sourcecode.swift; path = FavoriteModel.swift; sourceTree = "<group>"; };
		64F58A101BD814BA00777E4A /* VideoModel.swift */ = {isa = PBXFileReference; fileEncoding = 4; lastKnownFileType = sourcecode.swift; lineEnding = 0; path = VideoModel.swift; sourceTree = "<group>"; xcLanguageSpecificationIdentifier = xcode.lang.swift; };
		64F58A111BD814BA00777E4A /* ThumbnailModel.swift */ = {isa = PBXFileReference; fileEncoding = 4; lastKnownFileType = sourcecode.swift; path = ThumbnailModel.swift; sourceTree = "<group>"; };
		64F58A121BD814BA00777E4A /* ZypeTokenModel.swift */ = {isa = PBXFileReference; fileEncoding = 4; lastKnownFileType = sourcecode.swift; path = ZypeTokenModel.swift; sourceTree = "<group>"; };
		64F58A211BD8150F00777E4A /* SSUtils.swift */ = {isa = PBXFileReference; fileEncoding = 4; lastKnownFileType = sourcecode.swift; path = SSUtils.swift; sourceTree = "<group>"; };
		64F58A241BD8154200777E4A /* ZypeRESTController.swift */ = {isa = PBXFileReference; fileEncoding = 4; lastKnownFileType = sourcecode.swift; path = ZypeRESTController.swift; sourceTree = "<group>"; };
		64F58A281BD8154200777E4A /* ZypeConstants.swift */ = {isa = PBXFileReference; fileEncoding = 4; lastKnownFileType = sourcecode.swift; path = ZypeConstants.swift; sourceTree = "<group>"; };
		64F58A2A1BD8154200777E4A /* ZypeCacheManager.swift */ = {isa = PBXFileReference; fileEncoding = 4; lastKnownFileType = sourcecode.swift; path = ZypeCacheManager.swift; sourceTree = "<group>"; };
		64F58A2B1BD8154200777E4A /* ZypeDataManager.swift */ = {isa = PBXFileReference; fileEncoding = 4; lastKnownFileType = sourcecode.swift; lineEnding = 0; path = ZypeDataManager.swift; sourceTree = "<group>"; xcLanguageSpecificationIdentifier = xcode.lang.swift; };
		64F58A2C1BD8154200777E4A /* ZypeSDK.swift */ = {isa = PBXFileReference; fileEncoding = 4; lastKnownFileType = sourcecode.swift; lineEnding = 0; path = ZypeSDK.swift; sourceTree = "<group>"; xcLanguageSpecificationIdentifier = xcode.lang.swift; };
		81521FCE1C9F487300B12F18 /* QueryAppModel.swift */ = {isa = PBXFileReference; fileEncoding = 4; lastKnownFileType = sourcecode.swift; path = QueryAppModel.swift; sourceTree = "<group>"; };
		81521FD01C9F487D00B12F18 /* AppModel.swift */ = {isa = PBXFileReference; fileEncoding = 4; lastKnownFileType = sourcecode.swift; path = AppModel.swift; sourceTree = "<group>"; };
/* End PBXFileReference section */

/* Begin PBXFrameworksBuildPhase section */
		642056F81BDA52D200531C50 /* Frameworks */ = {
			isa = PBXFrameworksBuildPhase;
			buildActionMask = 2147483647;
			files = (
				642057001BDA52D200531C50 /* ZypeSDK.framework in Frameworks */,
			);
			runOnlyForDeploymentPostprocessing = 0;
		};
		64F589EB1BD8145500777E4A /* Frameworks */ = {
			isa = PBXFrameworksBuildPhase;
			buildActionMask = 2147483647;
			files = (
			);
			runOnlyForDeploymentPostprocessing = 0;
		};
/* End PBXFrameworksBuildPhase section */

/* Begin PBXGroup section */
		642056FC1BDA52D200531C50 /* ZypeSDKTests */ = {
			isa = PBXGroup;
			children = (
				642056FD1BDA52D200531C50 /* ZypeSDKTests.swift */,
				642056FF1BDA52D200531C50 /* Info.plist */,
			);
			path = ZypeSDKTests;
			sourceTree = "<group>";
		};
		64B85CCB1BE3782300B782A8 /* Factories */ = {
			isa = PBXGroup;
			children = (
				64B85CCC1BE3788A00B782A8 /* ZypeFactory.swift */,
				64B85CD31BE37ECB00B782A8 /* VimeoUrl.swift */,
				642EBCC11BE39D2B0002D858 /* BaseUrl.swift */,
			);
			path = Factories;
			sourceTree = "<group>";
		};
		64F589E51BD8145500777E4A = {
			isa = PBXGroup;
			children = (
				64F589F11BD8145500777E4A /* ZypeSDK */,
				642056FC1BDA52D200531C50 /* ZypeSDKTests */,
				64F589F01BD8145500777E4A /* Products */,
			);
			sourceTree = "<group>";
		};
		64F589F01BD8145500777E4A /* Products */ = {
			isa = PBXGroup;
			children = (
				64F589EF1BD8145500777E4A /* ZypeSDK.framework */,
				642056FB1BDA52D200531C50 /* ZypeSDKTests.xctest */,
			);
			name = Products;
			sourceTree = "<group>";
		};
		64F589F11BD8145500777E4A /* ZypeSDK */ = {
			isa = PBXGroup;
			children = (
				64B85CCB1BE3782300B782A8 /* Factories */,
				64F58A231BD8154200777E4A /* API */,
				64F58A271BD8154200777E4A /* Constants */,
				64F58A291BD8154200777E4A /* Managers */,
				64F58A201BD8150F00777E4A /* Utilities */,
				64F58A031BD814BA00777E4A /* Models */,
				64F589F21BD8145500777E4A /* ZypeSDK.h */,
				64F58A2C1BD8154200777E4A /* ZypeSDK.swift */,
				64F589F41BD8145500777E4A /* Info.plist */,
			);
			path = ZypeSDK;
			sourceTree = "<group>";
		};
		64F58A031BD814BA00777E4A /* Models */ = {
			isa = PBXGroup;
			children = (
				64F58A041BD814BA00777E4A /* ConsumerModel.swift */,
				64F58A051BD814BA00777E4A /* QueryModels */,
				64F58A0B1BD814BA00777E4A /* ResponseModels */,
				64F58A111BD814BA00777E4A /* ThumbnailModel.swift */,
				64F58A121BD814BA00777E4A /* ZypeTokenModel.swift */,
				64EC01421BDE8AA000588E4C /* SettingsModel.swift */,
				64BD4B011BE90B0400B90A29 /* ContentModel.swift */,
				646E05B21BEB86CE00C3C053 /* VideoObjectModel.swift */,
			);
			path = Models;
			sourceTree = "<group>";
		};
		64F58A051BD814BA00777E4A /* QueryModels */ = {
			isa = PBXGroup;
			children = (
				81521FCE1C9F487300B12F18 /* QueryAppModel.swift */,
				64F58A061BD814BA00777E4A /* QueryBaseModel.swift */,
				64F58A071BD814BA00777E4A /* QueryCategoriesModel.swift */,
				64F58A081BD814BA00777E4A /* QueryVideosModel.swift */,
				64F58A091BD814BA00777E4A /* QueryZobjectsModel.swift */,
				64F58A0A1BD814BA00777E4A /* QueryZobjectTypesModel.swift */,
				64EC01401BDE879800588E4C /* QuerySubscriptionsModel.swift */,
				64C1F4F31BE0DC11001D0F67 /* QueryPlaylistsModel.swift */,
				64C1F4F71BE11788001D0F67 /* QueryRetrieveVideosInPlaylistModel.swift */,
			);
			path = QueryModels;
			sourceTree = "<group>";
		};
		64F58A0B1BD814BA00777E4A /* ResponseModels */ = {
			isa = PBXGroup;
			children = (
				81521FD01C9F487D00B12F18 /* AppModel.swift */,
				64F58A0C1BD814BA00777E4A /* BaseModel.swift */,
				64F58A0D1BD814BA00777E4A /* CategoryModel.swift */,
				64F58A0E1BD814BA00777E4A /* CategoryValueModel.swift */,
				64F58A0F1BD814BA00777E4A /* FavoriteModel.swift */,
				64F58A101BD814BA00777E4A /* VideoModel.swift */,
				6470AD211BD949D7002D8D4C /* ZobjectTypeModel.swift */,
				6470AD231BD949EA002D8D4C /* ZobjectModel.swift */,
				64EC01441BDE92C800588E4C /* SubscriptionModel.swift */,
				64C1F4F51BE0DDCD001D0F67 /* PlaylistModel.swift */,
			);
			path = ResponseModels;
			sourceTree = "<group>";
		};
		64F58A201BD8150F00777E4A /* Utilities */ = {
			isa = PBXGroup;
			children = (
				6470AD271BD9500B002D8D4C /* ZypeLog.swift */,
				64F58A211BD8150F00777E4A /* SSUtils.swift */,
			);
			path = Utilities;
			sourceTree = "<group>";
		};
		64F58A231BD8154200777E4A /* API */ = {
			isa = PBXGroup;
			children = (
				64F58A241BD8154200777E4A /* ZypeRESTController.swift */,
			);
			path = API;
			sourceTree = "<group>";
		};
		64F58A271BD8154200777E4A /* Constants */ = {
			isa = PBXGroup;
			children = (
				64F58A281BD8154200777E4A /* ZypeConstants.swift */,
				6470AD1F1BD9404B002D8D4C /* ZypeApiConstants.swift */,
				64EC013E1BDE3E5900588E4C /* ZypeErrorConstants.swift */,
				64C1F4FB1BE1243E001D0F67 /* ZypeJSONConstants.swift */,
			);
			path = Constants;
			sourceTree = "<group>";
		};
		64F58A291BD8154200777E4A /* Managers */ = {
			isa = PBXGroup;
			children = (
				6470AD251BD94F4A002D8D4C /* ZypeTokenManager.swift */,
				64F58A2A1BD8154200777E4A /* ZypeCacheManager.swift */,
				64F58A2B1BD8154200777E4A /* ZypeDataManager.swift */,
			);
			path = Managers;
			sourceTree = "<group>";
		};
/* End PBXGroup section */

/* Begin PBXHeadersBuildPhase section */
		64F589EC1BD8145500777E4A /* Headers */ = {
			isa = PBXHeadersBuildPhase;
			buildActionMask = 2147483647;
			files = (
				64F589F31BD8145500777E4A /* ZypeSDK.h in Headers */,
			);
			runOnlyForDeploymentPostprocessing = 0;
		};
/* End PBXHeadersBuildPhase section */

/* Begin PBXNativeTarget section */
		642056FA1BDA52D200531C50 /* ZypeSDKTests */ = {
			isa = PBXNativeTarget;
			buildConfigurationList = 642057051BDA52D200531C50 /* Build configuration list for PBXNativeTarget "ZypeSDKTests" */;
			buildPhases = (
				642056F71BDA52D200531C50 /* Sources */,
				642056F81BDA52D200531C50 /* Frameworks */,
				642056F91BDA52D200531C50 /* Resources */,
			);
			buildRules = (
			);
			dependencies = (
				642057021BDA52D200531C50 /* PBXTargetDependency */,
			);
			name = ZypeSDKTests;
			productName = ZypeSDKTests;
			productReference = 642056FB1BDA52D200531C50 /* ZypeSDKTests.xctest */;
			productType = "com.apple.product-type.bundle.unit-test";
		};
		64F589EE1BD8145500777E4A /* ZypeSDK */ = {
			isa = PBXNativeTarget;
			buildConfigurationList = 64F589F71BD8145500777E4A /* Build configuration list for PBXNativeTarget "ZypeSDK" */;
			buildPhases = (
				64F589EA1BD8145500777E4A /* Sources */,
				64F589EB1BD8145500777E4A /* Frameworks */,
				64F589EC1BD8145500777E4A /* Headers */,
				64F589ED1BD8145500777E4A /* Resources */,
			);
			buildRules = (
			);
			dependencies = (
			);
			name = ZypeSDK;
			productName = ZypeSDK;
			productReference = 64F589EF1BD8145500777E4A /* ZypeSDK.framework */;
			productType = "com.apple.product-type.framework";
		};
/* End PBXNativeTarget section */

/* Begin PBXProject section */
		64F589E61BD8145500777E4A /* Project object */ = {
			isa = PBXProject;
			attributes = {
				LastSwiftUpdateCheck = 0710;
				LastUpgradeCheck = 0710;
				ORGANIZATIONNAME = "Ilya Sorokin";
				TargetAttributes = {
					642056FA1BDA52D200531C50 = {
						CreatedOnToolsVersion = 7.1;
					};
					64F589EE1BD8145500777E4A = {
						CreatedOnToolsVersion = 7.1;
					};
				};
			};
			buildConfigurationList = 64F589E91BD8145500777E4A /* Build configuration list for PBXProject "ZypeSDK" */;
			compatibilityVersion = "Xcode 3.2";
			developmentRegion = English;
			hasScannedForEncodings = 0;
			knownRegions = (
				en,
			);
			mainGroup = 64F589E51BD8145500777E4A;
			productRefGroup = 64F589F01BD8145500777E4A /* Products */;
			projectDirPath = "";
			projectRoot = "";
			targets = (
				64F589EE1BD8145500777E4A /* ZypeSDK */,
				642056FA1BDA52D200531C50 /* ZypeSDKTests */,
			);
		};
/* End PBXProject section */

/* Begin PBXResourcesBuildPhase section */
		642056F91BDA52D200531C50 /* Resources */ = {
			isa = PBXResourcesBuildPhase;
			buildActionMask = 2147483647;
			files = (
			);
			runOnlyForDeploymentPostprocessing = 0;
		};
		64F589ED1BD8145500777E4A /* Resources */ = {
			isa = PBXResourcesBuildPhase;
			buildActionMask = 2147483647;
			files = (
			);
			runOnlyForDeploymentPostprocessing = 0;
		};
/* End PBXResourcesBuildPhase section */

/* Begin PBXSourcesBuildPhase section */
		642056F71BDA52D200531C50 /* Sources */ = {
			isa = PBXSourcesBuildPhase;
			buildActionMask = 2147483647;
			files = (
				642056FE1BDA52D200531C50 /* ZypeSDKTests.swift in Sources */,
			);
			runOnlyForDeploymentPostprocessing = 0;
		};
		64F589EA1BD8145500777E4A /* Sources */ = {
			isa = PBXSourcesBuildPhase;
			buildActionMask = 2147483647;
			files = (
				64EC01451BDE92C800588E4C /* SubscriptionModel.swift in Sources */,
				64C1F4F61BE0DDCD001D0F67 /* PlaylistModel.swift in Sources */,
				6470AD201BD9404B002D8D4C /* ZypeApiConstants.swift in Sources */,
				64F58A1F1BD814BA00777E4A /* ZypeTokenModel.swift in Sources */,
				64C1F4F41BE0DC11001D0F67 /* QueryPlaylistsModel.swift in Sources */,
				64B85CCD1BE3788A00B782A8 /* ZypeFactory.swift in Sources */,
				64F58A321BD8154200777E4A /* ZypeDataManager.swift in Sources */,
				81521FD11C9F487D00B12F18 /* AppModel.swift in Sources */,
				6470AD281BD9500B002D8D4C /* ZypeLog.swift in Sources */,
				64F58A181BD814BA00777E4A /* QueryZobjectTypesModel.swift in Sources */,
				64C1F4F81BE11788001D0F67 /* QueryRetrieveVideosInPlaylistModel.swift in Sources */,
				646E05B31BEB86CE00C3C053 /* VideoObjectModel.swift in Sources */,
				64F58A1C1BD814BA00777E4A /* FavoriteModel.swift in Sources */,
				64F58A131BD814BA00777E4A /* ConsumerModel.swift in Sources */,
				64F58A191BD814BA00777E4A /* BaseModel.swift in Sources */,
				6470AD241BD949EA002D8D4C /* ZobjectModel.swift in Sources */,
				64F58A151BD814BA00777E4A /* QueryCategoriesModel.swift in Sources */,
				64F58A161BD814BA00777E4A /* QueryVideosModel.swift in Sources */,
				6470AD221BD949D7002D8D4C /* ZobjectTypeModel.swift in Sources */,
				64F58A1A1BD814BA00777E4A /* CategoryModel.swift in Sources */,
				64B85CD41BE37ECB00B782A8 /* VimeoUrl.swift in Sources */,
				64BD4B021BE90B0400B90A29 /* ContentModel.swift in Sources */,
				64C1F4FC1BE1243E001D0F67 /* ZypeJSONConstants.swift in Sources */,
				81521FCF1C9F487300B12F18 /* QueryAppModel.swift in Sources */,
				64F58A331BD8154200777E4A /* ZypeSDK.swift in Sources */,
				64F58A1B1BD814BA00777E4A /* CategoryValueModel.swift in Sources */,
				64EC01431BDE8AA000588E4C /* SettingsModel.swift in Sources */,
				64F58A221BD8150F00777E4A /* SSUtils.swift in Sources */,
				64F58A1E1BD814BA00777E4A /* ThumbnailModel.swift in Sources */,
				6470AD261BD94F4A002D8D4C /* ZypeTokenManager.swift in Sources */,
				64F58A141BD814BA00777E4A /* QueryBaseModel.swift in Sources */,
				64EC01411BDE879800588E4C /* QuerySubscriptionsModel.swift in Sources */,
				64F58A311BD8154200777E4A /* ZypeCacheManager.swift in Sources */,
				64EC013F1BDE3E5900588E4C /* ZypeErrorConstants.swift in Sources */,
				64F58A171BD814BA00777E4A /* QueryZobjectsModel.swift in Sources */,
				642EBCC21BE39D2B0002D858 /* BaseUrl.swift in Sources */,
				64F58A1D1BD814BA00777E4A /* VideoModel.swift in Sources */,
				64F58A301BD8154200777E4A /* ZypeConstants.swift in Sources */,
				64F58A2D1BD8154200777E4A /* ZypeRESTController.swift in Sources */,
			);
			runOnlyForDeploymentPostprocessing = 0;
		};
/* End PBXSourcesBuildPhase section */

/* Begin PBXTargetDependency section */
		642057021BDA52D200531C50 /* PBXTargetDependency */ = {
			isa = PBXTargetDependency;
			target = 64F589EE1BD8145500777E4A /* ZypeSDK */;
			targetProxy = 642057011BDA52D200531C50 /* PBXContainerItemProxy */;
		};
/* End PBXTargetDependency section */

/* Begin XCBuildConfiguration section */
		642057031BDA52D200531C50 /* Debug */ = {
			isa = XCBuildConfiguration;
			buildSettings = {
				INFOPLIST_FILE = ZypeSDKTests/Info.plist;
				LD_RUNPATH_SEARCH_PATHS = "$(inherited) @executable_path/Frameworks @loader_path/Frameworks";
				"OTHER_SWIFT_FLAGS[arch=*]" = "-DDEBUG";
				PRODUCT_BUNDLE_IDENTIFIER = com.sigma.ZypeSDKTests;
				PRODUCT_NAME = "$(TARGET_NAME)";
			};
			name = Debug;
		};
		642057041BDA52D200531C50 /* Release */ = {
			isa = XCBuildConfiguration;
			buildSettings = {
				INFOPLIST_FILE = ZypeSDKTests/Info.plist;
				LD_RUNPATH_SEARCH_PATHS = "$(inherited) @executable_path/Frameworks @loader_path/Frameworks";
				PRODUCT_BUNDLE_IDENTIFIER = com.sigma.ZypeSDKTests;
				PRODUCT_NAME = "$(TARGET_NAME)";
			};
			name = Release;
		};
		64F589F51BD8145500777E4A /* Debug */ = {
			isa = XCBuildConfiguration;
			buildSettings = {
				ALWAYS_SEARCH_USER_PATHS = NO;
				CLANG_CXX_LANGUAGE_STANDARD = "gnu++0x";
				CLANG_CXX_LIBRARY = "libc++";
				CLANG_ENABLE_MODULES = YES;
				CLANG_ENABLE_OBJC_ARC = YES;
				CLANG_WARN_BOOL_CONVERSION = YES;
				CLANG_WARN_CONSTANT_CONVERSION = YES;
				CLANG_WARN_DIRECT_OBJC_ISA_USAGE = YES_ERROR;
				CLANG_WARN_EMPTY_BODY = YES;
				CLANG_WARN_ENUM_CONVERSION = YES;
				CLANG_WARN_INT_CONVERSION = YES;
				CLANG_WARN_OBJC_ROOT_CLASS = YES_ERROR;
				CLANG_WARN_UNREACHABLE_CODE = YES;
				CLANG_WARN__DUPLICATE_METHOD_MATCH = YES;
				COPY_PHASE_STRIP = NO;
				CURRENT_PROJECT_VERSION = 1;
				DEBUG_INFORMATION_FORMAT = dwarf;
				ENABLE_STRICT_OBJC_MSGSEND = YES;
				ENABLE_TESTABILITY = YES;
				GCC_C_LANGUAGE_STANDARD = gnu99;
				GCC_DYNAMIC_NO_PIC = NO;
				GCC_NO_COMMON_BLOCKS = YES;
				GCC_OPTIMIZATION_LEVEL = 0;
				GCC_PREPROCESSOR_DEFINITIONS = (
					"DEBUG=1",
					"$(inherited)",
				);
				GCC_WARN_64_TO_32_BIT_CONVERSION = YES;
				GCC_WARN_ABOUT_RETURN_TYPE = YES_ERROR;
				GCC_WARN_UNDECLARED_SELECTOR = YES;
				GCC_WARN_UNINITIALIZED_AUTOS = YES_AGGRESSIVE;
				GCC_WARN_UNUSED_FUNCTION = YES;
				GCC_WARN_UNUSED_VARIABLE = YES;
				MTL_ENABLE_DEBUG_INFO = YES;
				ONLY_ACTIVE_ARCH = YES;
				SDKROOT = appletvos;
				SWIFT_OPTIMIZATION_LEVEL = "-Onone";
				TARGETED_DEVICE_FAMILY = 3;
				TVOS_DEPLOYMENT_TARGET = 9.0;
				VERSIONING_SYSTEM = "apple-generic";
				VERSION_INFO_PREFIX = "";
			};
			name = Debug;
		};
		64F589F61BD8145500777E4A /* Release */ = {
			isa = XCBuildConfiguration;
			buildSettings = {
				ALWAYS_SEARCH_USER_PATHS = NO;
				CLANG_CXX_LANGUAGE_STANDARD = "gnu++0x";
				CLANG_CXX_LIBRARY = "libc++";
				CLANG_ENABLE_MODULES = YES;
				CLANG_ENABLE_OBJC_ARC = YES;
				CLANG_WARN_BOOL_CONVERSION = YES;
				CLANG_WARN_CONSTANT_CONVERSION = YES;
				CLANG_WARN_DIRECT_OBJC_ISA_USAGE = YES_ERROR;
				CLANG_WARN_EMPTY_BODY = YES;
				CLANG_WARN_ENUM_CONVERSION = YES;
				CLANG_WARN_INT_CONVERSION = YES;
				CLANG_WARN_OBJC_ROOT_CLASS = YES_ERROR;
				CLANG_WARN_UNREACHABLE_CODE = YES;
				CLANG_WARN__DUPLICATE_METHOD_MATCH = YES;
				COPY_PHASE_STRIP = NO;
				CURRENT_PROJECT_VERSION = 1;
				DEBUG_INFORMATION_FORMAT = "dwarf-with-dsym";
				ENABLE_NS_ASSERTIONS = NO;
				ENABLE_STRICT_OBJC_MSGSEND = YES;
				GCC_C_LANGUAGE_STANDARD = gnu99;
				GCC_NO_COMMON_BLOCKS = YES;
				GCC_WARN_64_TO_32_BIT_CONVERSION = YES;
				GCC_WARN_ABOUT_RETURN_TYPE = YES_ERROR;
				GCC_WARN_UNDECLARED_SELECTOR = YES;
				GCC_WARN_UNINITIALIZED_AUTOS = YES_AGGRESSIVE;
				GCC_WARN_UNUSED_FUNCTION = YES;
				GCC_WARN_UNUSED_VARIABLE = YES;
				MTL_ENABLE_DEBUG_INFO = NO;
				SDKROOT = appletvos;
				TARGETED_DEVICE_FAMILY = 3;
				TVOS_DEPLOYMENT_TARGET = 9.0;
				VALIDATE_PRODUCT = YES;
				VERSIONING_SYSTEM = "apple-generic";
				VERSION_INFO_PREFIX = "";
			};
			name = Release;
		};
		64F589F81BD8145500777E4A /* Debug */ = {
			isa = XCBuildConfiguration;
			buildSettings = {
				DEFINES_MODULE = YES;
				DYLIB_COMPATIBILITY_VERSION = 1;
				DYLIB_CURRENT_VERSION = 1;
				DYLIB_INSTALL_NAME_BASE = "@rpath";
				INFOPLIST_FILE = ZypeSDK/Info.plist;
				INSTALL_PATH = "$(LOCAL_LIBRARY_DIR)/Frameworks";
				LD_RUNPATH_SEARCH_PATHS = "$(inherited) @executable_path/Frameworks @loader_path/Frameworks";
				"OTHER_SWIFT_FLAGS[arch=*]" = "-DDEBUG";
				PRODUCT_BUNDLE_IDENTIFIER = com.sigma.ZypeSDK;
				PRODUCT_NAME = "$(TARGET_NAME)";
				SDKROOT = appletvos;
				SKIP_INSTALL = YES;
			};
			name = Debug;
		};
		64F589F91BD8145500777E4A /* Release */ = {
			isa = XCBuildConfiguration;
			buildSettings = {
				DEFINES_MODULE = YES;
				DYLIB_COMPATIBILITY_VERSION = 1;
				DYLIB_CURRENT_VERSION = 1;
				DYLIB_INSTALL_NAME_BASE = "@rpath";
				INFOPLIST_FILE = ZypeSDK/Info.plist;
				INSTALL_PATH = "$(LOCAL_LIBRARY_DIR)/Frameworks";
				LD_RUNPATH_SEARCH_PATHS = "$(inherited) @executable_path/Frameworks @loader_path/Frameworks";
				ONLY_ACTIVE_ARCH = NO;
				PRODUCT_BUNDLE_IDENTIFIER = com.sigma.ZypeSDK;
				PRODUCT_NAME = "$(TARGET_NAME)";
				SDKROOT = appletvos;
				SKIP_INSTALL = YES;
			};
			name = Release;
		};
/* End XCBuildConfiguration section */

/* Begin XCConfigurationList section */
		642057051BDA52D200531C50 /* Build configuration list for PBXNativeTarget "ZypeSDKTests" */ = {
			isa = XCConfigurationList;
			buildConfigurations = (
				642057031BDA52D200531C50 /* Debug */,
				642057041BDA52D200531C50 /* Release */,
			);
			defaultConfigurationIsVisible = 0;
			defaultConfigurationName = Release;
		};
		64F589E91BD8145500777E4A /* Build configuration list for PBXProject "ZypeSDK" */ = {
			isa = XCConfigurationList;
			buildConfigurations = (
				64F589F51BD8145500777E4A /* Debug */,
				64F589F61BD8145500777E4A /* Release */,
			);
			defaultConfigurationIsVisible = 0;
			defaultConfigurationName = Release;
		};
		64F589F71BD8145500777E4A /* Build configuration list for PBXNativeTarget "ZypeSDK" */ = {
			isa = XCConfigurationList;
			buildConfigurations = (
				64F589F81BD8145500777E4A /* Debug */,
				64F589F91BD8145500777E4A /* Release */,
			);
			defaultConfigurationIsVisible = 0;
			defaultConfigurationName = Release;
		};
/* End XCConfigurationList section */
	};
	rootObject = 64F589E61BD8145500777E4A /* Project object */;
}
