// !$*UTF8*$!
{
	archiveVersion = 1;
	classes = {
	};
	objectVersion = 46;
	objects = {

/* Begin PBXBuildFile section */
		2B608C282270DAFB00E67E69 /* GuideDetailCell.swift in Sources */ = {isa = PBXBuildFile; fileRef = 2B608C272270DAFB00E67E69 /* GuideDetailCell.swift */; };
		2BB89B10226605CD003B3C5E /* GuideVC.swift in Sources */ = {isa = PBXBuildFile; fileRef = 2BB89B0F226605CD003B3C5E /* GuideVC.swift */; };
		2BB89B12226631F8003B3C5E /* GuideCell.swift in Sources */ = {isa = PBXBuildFile; fileRef = 2BB89B11226631F8003B3C5E /* GuideCell.swift */; };
		2BB89B1522665D78003B3C5E /* GuideCollectionViewLayout.swift in Sources */ = {isa = PBXBuildFile; fileRef = 2BB89B1422665D78003B3C5E /* GuideCollectionViewLayout.swift */; };
		2BB89B1922665F83003B3C5E /* GuideTimeHeader.swift in Sources */ = {isa = PBXBuildFile; fileRef = 2BB89B1622665F83003B3C5E /* GuideTimeHeader.swift */; };
		2BB89B1A22665F83003B3C5E /* GuideChannelHeader.swift in Sources */ = {isa = PBXBuildFile; fileRef = 2BB89B1722665F83003B3C5E /* GuideChannelHeader.swift */; };
		2BB89B1D22678BD8003B3C5E /* GuideDateHeader.swift in Sources */ = {isa = PBXBuildFile; fileRef = 2BB89B1C22678BD8003B3C5E /* GuideDateHeader.swift */; };
		4290D0E323577286000076BB /* TransparentFocusableView.swift in Sources */ = {isa = PBXBuildFile; fileRef = 4290D0E223577286000076BB /* TransparentFocusableView.swift */; };
		47102CDC1ECBA02F0060AF02 /* AdProtocolDelegate.swift in Sources */ = {isa = PBXBuildFile; fileRef = 47102CDB1ECBA02F0060AF02 /* AdProtocolDelegate.swift */; };
		473C514A1EE8ACA40051FC6C /* InAppPurchaseManager.swift in Sources */ = {isa = PBXBuildFile; fileRef = 473C51491EE8ACA40051FC6C /* InAppPurchaseManager.swift */; };
		473C51501EE9A37B0051FC6C /* PurchaseVC.swift in Sources */ = {isa = PBXBuildFile; fileRef = 473C514F1EE9A37B0051FC6C /* PurchaseVC.swift */; };
		A161E9CA1DDBBAA800D01C70 /* DVPlayerView.m in Sources */ = {isa = PBXBuildFile; fileRef = A161E99F1DDBBAA800D01C70 /* DVPlayerView.m */; };
		A161E9CB1DDBBAA800D01C70 /* DVIABPlayer.m in Sources */ = {isa = PBXBuildFile; fileRef = A161E9A31DDBBAA800D01C70 /* DVIABPlayer.m */; };
		A161E9CC1DDBBAA800D01C70 /* DVInlineVideoAd.m in Sources */ = {isa = PBXBuildFile; fileRef = A161E9A51DDBBAA800D01C70 /* DVInlineVideoAd.m */; };
		A161E9CD1DDBBAA800D01C70 /* DVTimeIntervalFormatter.m in Sources */ = {isa = PBXBuildFile; fileRef = A161E9A81DDBBAA800D01C70 /* DVTimeIntervalFormatter.m */; };
		A161E9CE1DDBBAA800D01C70 /* DVVideoAd.m in Sources */ = {isa = PBXBuildFile; fileRef = A161E9AB1DDBBAA800D01C70 /* DVVideoAd.m */; };
		A161E9CF1DDBBAA800D01C70 /* DVVideoAdServingTemplate+Parsing.m in Sources */ = {isa = PBXBuildFile; fileRef = A161E9AD1DDBBAA800D01C70 /* DVVideoAdServingTemplate+Parsing.m */; };
		A161E9D01DDBBAA800D01C70 /* DVVideoAdServingTemplate.m in Sources */ = {isa = PBXBuildFile; fileRef = A161E9AF1DDBBAA800D01C70 /* DVVideoAdServingTemplate.m */; };
		A161E9D11DDBBAA800D01C70 /* DVVideoMultipleAdPlaylist.m in Sources */ = {isa = PBXBuildFile; fileRef = A161E9B11DDBBAA800D01C70 /* DVVideoMultipleAdPlaylist.m */; };
		A161E9D21DDBBAA800D01C70 /* DVVideoPlayBreak.m in Sources */ = {isa = PBXBuildFile; fileRef = A161E9B31DDBBAA800D01C70 /* DVVideoPlayBreak.m */; };
		A161E9D31DDBBAA800D01C70 /* DVWrapperVideoAd.m in Sources */ = {isa = PBXBuildFile; fileRef = A161E9B51DDBBAA800D01C70 /* DVWrapperVideoAd.m */; };
		A161E9D41DDBBAA800D01C70 /* DVVAST.podspec in Resources */ = {isa = PBXBuildFile; fileRef = A161E9B61DDBBAA800D01C70 /* DVVAST.podspec */; };
		A161E9D51DDBBAA800D01C70 /* LICENSE.txt in Resources */ = {isa = PBXBuildFile; fileRef = A161E9B71DDBBAA800D01C70 /* LICENSE.txt */; };
		A161E9D61DDBBAA800D01C70 /* DDXMLElementAdditions.m in Sources */ = {isa = PBXBuildFile; fileRef = A161E9BC1DDBBAA800D01C70 /* DDXMLElementAdditions.m */; };
		A161E9D71DDBBAA800D01C70 /* NSString+DDXML.m in Sources */ = {isa = PBXBuildFile; fileRef = A161E9BF1DDBBAA800D01C70 /* NSString+DDXML.m */; };
		A161E9D81DDBBAA800D01C70 /* DDXML.swift in Sources */ = {isa = PBXBuildFile; fileRef = A161E9C11DDBBAA800D01C70 /* DDXML.swift */; };
		A161E9D91DDBBAA800D01C70 /* DDXMLDocument.m in Sources */ = {isa = PBXBuildFile; fileRef = A161E9C31DDBBAA800D01C70 /* DDXMLDocument.m */; };
		A161E9DA1DDBBAA800D01C70 /* DDXMLElement.m in Sources */ = {isa = PBXBuildFile; fileRef = A161E9C51DDBBAA800D01C70 /* DDXMLElement.m */; };
		A161E9DB1DDBBAA800D01C70 /* DDXMLNode.m in Sources */ = {isa = PBXBuildFile; fileRef = A161E9C71DDBBAA800D01C70 /* DDXMLNode.m */; };
		A1C0CF151E37CF8A007ED6C0 /* SplashScreenVC.swift in Sources */ = {isa = PBXBuildFile; fileRef = A1C0CF141E37CF8A007ED6C0 /* SplashScreenVC.swift */; };
		A1C0CF171E37CFA1007ED6C0 /* ReplaceSegue.swift in Sources */ = {isa = PBXBuildFile; fileRef = A1C0CF161E37CFA1007ED6C0 /* ReplaceSegue.swift */; };
		D7EBC48123EE41FC000FED34 /* SegmentAnalyticsManager.swift in Sources */ = {isa = PBXBuildFile; fileRef = D7EBC48023EE41FC000FED34 /* SegmentAnalyticsManager.swift */; };
		E1C681CF2018D82800028BB4 /* AKAMMediaExtensions.framework in Frameworks */ = {isa = PBXBuildFile; fileRef = E1C681CE2018D82800028BB4 /* AKAMMediaExtensions.framework */; };
		E1C681D02018D82800028BB4 /* AKAMMediaExtensions.framework in Embed Frameworks */ = {isa = PBXBuildFile; fileRef = E1C681CE2018D82800028BB4 /* AKAMMediaExtensions.framework */; settings = {ATTRIBUTES = (CodeSignOnCopy, RemoveHeadersOnCopy, ); }; };
		E1C681D42018EC6100028BB4 /* AnalyticsManager.swift in Sources */ = {isa = PBXBuildFile; fileRef = E1C681D32018EC6100028BB4 /* AnalyticsManager.swift */; };
		E1C681D6201945D400028BB4 /* AnalyticsProtocolDelegate.swift in Sources */ = {isa = PBXBuildFile; fileRef = E1C681D5201945D400028BB4 /* AnalyticsProtocolDelegate.swift */; };
		F51158161BDE441000DB1774 /* Localizable.strings in Resources */ = {isa = PBXBuildFile; fileRef = F51158181BDE441000DB1774 /* Localizable.strings */; };
		F511581D1BDE6CFC00DB1774 /* FocusableButton.swift in Sources */ = {isa = PBXBuildFile; fileRef = F511581C1BDE6CFC00DB1774 /* FocusableButton.swift */; };
		F5534D251BCFC64100BEA509 /* FavoritesVC.swift in Sources */ = {isa = PBXBuildFile; fileRef = F5534D241BCFC64100BEA509 /* FavoritesVC.swift */; };
		F5534D271BCFEB8200BEA509 /* CollectionContainerVC.swift in Sources */ = {isa = PBXBuildFile; fileRef = F5534D261BCFEB8200BEA509 /* CollectionContainerVC.swift */; };
		F55669321BE8DADC006A3138 /* StyledLabel.swift in Sources */ = {isa = PBXBuildFile; fileRef = F55669311BE8DADC006A3138 /* StyledLabel.swift */; };
		F55732141BDA4EBC00D323A0 /* Utils.swift in Sources */ = {isa = PBXBuildFile; fileRef = F55732131BDA4EBC00D323A0 /* Utils.swift */; };
		F5577D931BCE4FDC00F174CE /* URLImageView.swift in Sources */ = {isa = PBXBuildFile; fileRef = F5577D921BCE4FDC00F174CE /* URLImageView.swift */; };
		F5577D971BCE5AE000F174CE /* UIView+Positioning.swift in Sources */ = {isa = PBXBuildFile; fileRef = F5577D961BCE5AE000F174CE /* UIView+Positioning.swift */; };
		F5582CB81BC7DB8B0089E5E7 /* AppDelegate.swift in Sources */ = {isa = PBXBuildFile; fileRef = F5582CAD1BC7DB8B0089E5E7 /* AppDelegate.swift */; };
		F5582CB91BC7DB8B0089E5E7 /* Assets.xcassets in Resources */ = {isa = PBXBuildFile; fileRef = F5582CAE1BC7DB8B0089E5E7 /* Assets.xcassets */; };
		F5582CBA1BC7DB8B0089E5E7 /* Main.storyboard in Resources */ = {isa = PBXBuildFile; fileRef = F5582CAF1BC7DB8B0089E5E7 /* Main.storyboard */; };
		F5582CCA1BC7E2E10089E5E7 /* PlayerVC.swift in Sources */ = {isa = PBXBuildFile; fileRef = F5582CC61BC7E2E10089E5E7 /* PlayerVC.swift */; };
		F5582CCB1BC7E2E10089E5E7 /* HomeVC.swift in Sources */ = {isa = PBXBuildFile; fileRef = F5582CC71BC7E2E10089E5E7 /* HomeVC.swift */; };
		F5582CCE1BC7F9DC0089E5E7 /* ImageCell.swift in Sources */ = {isa = PBXBuildFile; fileRef = F5582CCD1BC7F9DC0089E5E7 /* ImageCell.swift */; };
		F5582CD01BC7FA350089E5E7 /* ControllerCell.swift in Sources */ = {isa = PBXBuildFile; fileRef = F5582CCF1BC7FA350089E5E7 /* ControllerCell.swift */; };
		F5582CD21BC818CA0089E5E7 /* ShowDetailsVC.swift in Sources */ = {isa = PBXBuildFile; fileRef = F5582CD11BC818CA0089E5E7 /* ShowDetailsVC.swift */; };
		F5582CD41BC819110089E5E7 /* Const.swift in Sources */ = {isa = PBXBuildFile; fileRef = F5582CD31BC819110089E5E7 /* Const.swift */; };
		F5586B091BCBD1D6001DEB5B /* BaseCollectionVC.swift in Sources */ = {isa = PBXBuildFile; fileRef = F5586B081BCBD1D6001DEB5B /* BaseCollectionVC.swift */; };
		F558AC851BD508E600D8E677 /* ScrollableTextAlertVC.swift in Sources */ = {isa = PBXBuildFile; fileRef = F558AC841BD508E600D8E677 /* ScrollableTextAlertVC.swift */; };
		F55940391C048F2700A0ECFF /* FadeNavigationAnimationController.swift in Sources */ = {isa = PBXBuildFile; fileRef = F55940381C048F2700A0ECFF /* FadeNavigationAnimationController.swift */; };
		F559403C1C048F4200A0ECFF /* FocusableView.swift in Sources */ = {isa = PBXBuildFile; fileRef = F559403B1C048F4200A0ECFF /* FocusableView.swift */; };
		F55957D91BD77D3E004A01A9 /* PagerCell.swift in Sources */ = {isa = PBXBuildFile; fileRef = F55957D81BD77D3E004A01A9 /* PagerCell.swift */; };
		F55957DB1BD7D1B2004A01A9 /* SDKHelpers.swift in Sources */ = {isa = PBXBuildFile; fileRef = F55957DA1BD7D1B2004A01A9 /* SDKHelpers.swift */; };
		F5D98CC01BE3855D00C986B4 /* GradientMaskView.swift in Sources */ = {isa = PBXBuildFile; fileRef = F5D98CBF1BE3855D00C986B4 /* GradientMaskView.swift */; };
		F5D98CCF1BE3B09500C986B4 /* HeaderCell.swift in Sources */ = {isa = PBXBuildFile; fileRef = F5D98CCE1BE3B09500C986B4 /* HeaderCell.swift */; };
		F5D98CE31BE3B8F200C986B4 /* ModalProgressVC.swift in Sources */ = {isa = PBXBuildFile; fileRef = F5D98CE21BE3B8F200C986B4 /* ModalProgressVC.swift */; };
		F5D98CE81BE3BFBB00C986B4 /* TabBarVC.swift in Sources */ = {isa = PBXBuildFile; fileRef = F5D98CE71BE3BFBB00C986B4 /* TabBarVC.swift */; };
		F5E6DA3F1BCEB03A00BE842B /* SearchVC.swift in Sources */ = {isa = PBXBuildFile; fileRef = F5E6DA3E1BCEB03A00BE842B /* SearchVC.swift */; };
		FA01D4CE1F8EBB0200A8D131 /* MyLibraryVC.swift in Sources */ = {isa = PBXBuildFile; fileRef = FA01D4CD1F8EBB0200A8D131 /* MyLibraryVC.swift */; };
		FA01D4D01F902A7900A8D131 /* Array+Unique.swift in Sources */ = {isa = PBXBuildFile; fileRef = FA01D4CF1F902A7900A8D131 /* Array+Unique.swift */; };
		FAD19CD31FA9259500956052 /* SettingsVC.swift in Sources */ = {isa = PBXBuildFile; fileRef = FAD19CD21FA9259500956052 /* SettingsVC.swift */; };
/* End PBXBuildFile section */

/* Begin PBXCopyFilesBuildPhase section */
		F5D98CDD1BE3B6A300C986B4 /* Embed Frameworks */ = {
			isa = PBXCopyFilesBuildPhase;
			buildActionMask = 2147483647;
			dstPath = "";
			dstSubfolderSpec = 10;
			files = (
				E1C681D02018D82800028BB4 /* AKAMMediaExtensions.framework in Embed Frameworks */,
			);
			name = "Embed Frameworks";
			runOnlyForDeploymentPostprocessing = 0;
		};
/* End PBXCopyFilesBuildPhase section */

/* Begin PBXFileReference section */
		2B608C272270DAFB00E67E69 /* GuideDetailCell.swift */ = {isa = PBXFileReference; lastKnownFileType = sourcecode.swift; path = GuideDetailCell.swift; sourceTree = "<group>"; };
		2BB89B0F226605CD003B3C5E /* GuideVC.swift */ = {isa = PBXFileReference; lastKnownFileType = sourcecode.swift; path = GuideVC.swift; sourceTree = "<group>"; };
		2BB89B11226631F8003B3C5E /* GuideCell.swift */ = {isa = PBXFileReference; lastKnownFileType = sourcecode.swift; path = GuideCell.swift; sourceTree = "<group>"; };
		2BB89B1422665D78003B3C5E /* GuideCollectionViewLayout.swift */ = {isa = PBXFileReference; lastKnownFileType = sourcecode.swift; path = GuideCollectionViewLayout.swift; sourceTree = "<group>"; };
		2BB89B1622665F83003B3C5E /* GuideTimeHeader.swift */ = {isa = PBXFileReference; fileEncoding = 4; lastKnownFileType = sourcecode.swift; path = GuideTimeHeader.swift; sourceTree = "<group>"; };
		2BB89B1722665F83003B3C5E /* GuideChannelHeader.swift */ = {isa = PBXFileReference; fileEncoding = 4; lastKnownFileType = sourcecode.swift; path = GuideChannelHeader.swift; sourceTree = "<group>"; };
		2BB89B1C22678BD8003B3C5E /* GuideDateHeader.swift */ = {isa = PBXFileReference; lastKnownFileType = sourcecode.swift; path = GuideDateHeader.swift; sourceTree = "<group>"; };
		4290D0E223577286000076BB /* TransparentFocusableView.swift */ = {isa = PBXFileReference; lastKnownFileType = sourcecode.swift; path = TransparentFocusableView.swift; sourceTree = "<group>"; };
		47102CDB1ECBA02F0060AF02 /* AdProtocolDelegate.swift */ = {isa = PBXFileReference; fileEncoding = 4; lastKnownFileType = sourcecode.swift; path = AdProtocolDelegate.swift; sourceTree = "<group>"; };
		473C51491EE8ACA40051FC6C /* InAppPurchaseManager.swift */ = {isa = PBXFileReference; fileEncoding = 4; lastKnownFileType = sourcecode.swift; path = InAppPurchaseManager.swift; sourceTree = "<group>"; };
		473C514F1EE9A37B0051FC6C /* PurchaseVC.swift */ = {isa = PBXFileReference; fileEncoding = 4; lastKnownFileType = sourcecode.swift; path = PurchaseVC.swift; sourceTree = "<group>"; };
		A161E99E1DDBBAA800D01C70 /* DVPlayerView.h */ = {isa = PBXFileReference; fileEncoding = 4; lastKnownFileType = sourcecode.c.h; path = DVPlayerView.h; sourceTree = "<group>"; };
		A161E99F1DDBBAA800D01C70 /* DVPlayerView.m */ = {isa = PBXFileReference; fileEncoding = 4; lastKnownFileType = sourcecode.c.objc; path = DVPlayerView.m; sourceTree = "<group>"; };
		A161E9A21DDBBAA800D01C70 /* DVIABPlayer.h */ = {isa = PBXFileReference; fileEncoding = 4; lastKnownFileType = sourcecode.c.h; path = DVIABPlayer.h; sourceTree = "<group>"; };
		A161E9A31DDBBAA800D01C70 /* DVIABPlayer.m */ = {isa = PBXFileReference; fileEncoding = 4; lastKnownFileType = sourcecode.c.objc; path = DVIABPlayer.m; sourceTree = "<group>"; };
		A161E9A41DDBBAA800D01C70 /* DVInlineVideoAd.h */ = {isa = PBXFileReference; fileEncoding = 4; lastKnownFileType = sourcecode.c.h; path = DVInlineVideoAd.h; sourceTree = "<group>"; };
		A161E9A51DDBBAA800D01C70 /* DVInlineVideoAd.m */ = {isa = PBXFileReference; fileEncoding = 4; lastKnownFileType = sourcecode.c.objc; path = DVInlineVideoAd.m; sourceTree = "<group>"; };
		A161E9A61DDBBAA800D01C70 /* DVLog.h */ = {isa = PBXFileReference; fileEncoding = 4; lastKnownFileType = sourcecode.c.h; path = DVLog.h; sourceTree = "<group>"; };
		A161E9A71DDBBAA800D01C70 /* DVTimeIntervalFormatter.h */ = {isa = PBXFileReference; fileEncoding = 4; lastKnownFileType = sourcecode.c.h; path = DVTimeIntervalFormatter.h; sourceTree = "<group>"; };
		A161E9A81DDBBAA800D01C70 /* DVTimeIntervalFormatter.m */ = {isa = PBXFileReference; fileEncoding = 4; lastKnownFileType = sourcecode.c.objc; path = DVTimeIntervalFormatter.m; sourceTree = "<group>"; };
		A161E9A91DDBBAA800D01C70 /* DVVAST.pch */ = {isa = PBXFileReference; fileEncoding = 4; lastKnownFileType = sourcecode.c.h; path = DVVAST.pch; sourceTree = "<group>"; };
		A161E9AA1DDBBAA800D01C70 /* DVVideoAd.h */ = {isa = PBXFileReference; fileEncoding = 4; lastKnownFileType = sourcecode.c.h; path = DVVideoAd.h; sourceTree = "<group>"; };
		A161E9AB1DDBBAA800D01C70 /* DVVideoAd.m */ = {isa = PBXFileReference; fileEncoding = 4; lastKnownFileType = sourcecode.c.objc; path = DVVideoAd.m; sourceTree = "<group>"; };
		A161E9AC1DDBBAA800D01C70 /* DVVideoAdServingTemplate+Parsing.h */ = {isa = PBXFileReference; fileEncoding = 4; lastKnownFileType = sourcecode.c.h; path = "DVVideoAdServingTemplate+Parsing.h"; sourceTree = "<group>"; };
		A161E9AD1DDBBAA800D01C70 /* DVVideoAdServingTemplate+Parsing.m */ = {isa = PBXFileReference; fileEncoding = 4; lastKnownFileType = sourcecode.c.objc; path = "DVVideoAdServingTemplate+Parsing.m"; sourceTree = "<group>"; };
		A161E9AE1DDBBAA800D01C70 /* DVVideoAdServingTemplate.h */ = {isa = PBXFileReference; fileEncoding = 4; lastKnownFileType = sourcecode.c.h; path = DVVideoAdServingTemplate.h; sourceTree = "<group>"; };
		A161E9AF1DDBBAA800D01C70 /* DVVideoAdServingTemplate.m */ = {isa = PBXFileReference; fileEncoding = 4; lastKnownFileType = sourcecode.c.objc; path = DVVideoAdServingTemplate.m; sourceTree = "<group>"; };
		A161E9B01DDBBAA800D01C70 /* DVVideoMultipleAdPlaylist.h */ = {isa = PBXFileReference; fileEncoding = 4; lastKnownFileType = sourcecode.c.h; path = DVVideoMultipleAdPlaylist.h; sourceTree = "<group>"; };
		A161E9B11DDBBAA800D01C70 /* DVVideoMultipleAdPlaylist.m */ = {isa = PBXFileReference; fileEncoding = 4; lastKnownFileType = sourcecode.c.objc; path = DVVideoMultipleAdPlaylist.m; sourceTree = "<group>"; };
		A161E9B21DDBBAA800D01C70 /* DVVideoPlayBreak.h */ = {isa = PBXFileReference; fileEncoding = 4; lastKnownFileType = sourcecode.c.h; path = DVVideoPlayBreak.h; sourceTree = "<group>"; };
		A161E9B31DDBBAA800D01C70 /* DVVideoPlayBreak.m */ = {isa = PBXFileReference; fileEncoding = 4; lastKnownFileType = sourcecode.c.objc; path = DVVideoPlayBreak.m; sourceTree = "<group>"; };
		A161E9B41DDBBAA800D01C70 /* DVWrapperVideoAd.h */ = {isa = PBXFileReference; fileEncoding = 4; lastKnownFileType = sourcecode.c.h; path = DVWrapperVideoAd.h; sourceTree = "<group>"; };
		A161E9B51DDBBAA800D01C70 /* DVWrapperVideoAd.m */ = {isa = PBXFileReference; fileEncoding = 4; lastKnownFileType = sourcecode.c.objc; path = DVWrapperVideoAd.m; sourceTree = "<group>"; };
		A161E9B61DDBBAA800D01C70 /* DVVAST.podspec */ = {isa = PBXFileReference; fileEncoding = 4; lastKnownFileType = text; path = DVVAST.podspec; sourceTree = "<group>"; };
		A161E9B71DDBBAA800D01C70 /* LICENSE.txt */ = {isa = PBXFileReference; fileEncoding = 4; lastKnownFileType = text; path = LICENSE.txt; sourceTree = "<group>"; };
		A161E9B81DDBBAA800D01C70 /* DVVAST-Bridging-Header.h */ = {isa = PBXFileReference; fileEncoding = 4; lastKnownFileType = sourcecode.c.h; path = "DVVAST-Bridging-Header.h"; sourceTree = "<group>"; };
		A161E9BB1DDBBAA800D01C70 /* DDXMLElementAdditions.h */ = {isa = PBXFileReference; fileEncoding = 4; lastKnownFileType = sourcecode.c.h; path = DDXMLElementAdditions.h; sourceTree = "<group>"; };
		A161E9BC1DDBBAA800D01C70 /* DDXMLElementAdditions.m */ = {isa = PBXFileReference; fileEncoding = 4; lastKnownFileType = sourcecode.c.objc; path = DDXMLElementAdditions.m; sourceTree = "<group>"; };
		A161E9BE1DDBBAA800D01C70 /* NSString+DDXML.h */ = {isa = PBXFileReference; fileEncoding = 4; lastKnownFileType = sourcecode.c.h; path = "NSString+DDXML.h"; sourceTree = "<group>"; };
		A161E9BF1DDBBAA800D01C70 /* NSString+DDXML.m */ = {isa = PBXFileReference; fileEncoding = 4; lastKnownFileType = sourcecode.c.objc; path = "NSString+DDXML.m"; sourceTree = "<group>"; };
		A161E9C01DDBBAA800D01C70 /* DDXML.h */ = {isa = PBXFileReference; fileEncoding = 4; lastKnownFileType = sourcecode.c.h; path = DDXML.h; sourceTree = "<group>"; };
		A161E9C11DDBBAA800D01C70 /* DDXML.swift */ = {isa = PBXFileReference; fileEncoding = 4; lastKnownFileType = sourcecode.swift; path = DDXML.swift; sourceTree = "<group>"; };
		A161E9C21DDBBAA800D01C70 /* DDXMLDocument.h */ = {isa = PBXFileReference; fileEncoding = 4; lastKnownFileType = sourcecode.c.h; path = DDXMLDocument.h; sourceTree = "<group>"; };
		A161E9C31DDBBAA800D01C70 /* DDXMLDocument.m */ = {isa = PBXFileReference; fileEncoding = 4; lastKnownFileType = sourcecode.c.objc; path = DDXMLDocument.m; sourceTree = "<group>"; };
		A161E9C41DDBBAA800D01C70 /* DDXMLElement.h */ = {isa = PBXFileReference; fileEncoding = 4; lastKnownFileType = sourcecode.c.h; path = DDXMLElement.h; sourceTree = "<group>"; };
		A161E9C51DDBBAA800D01C70 /* DDXMLElement.m */ = {isa = PBXFileReference; fileEncoding = 4; lastKnownFileType = sourcecode.c.objc; path = DDXMLElement.m; sourceTree = "<group>"; };
		A161E9C61DDBBAA800D01C70 /* DDXMLNode.h */ = {isa = PBXFileReference; fileEncoding = 4; lastKnownFileType = sourcecode.c.h; path = DDXMLNode.h; sourceTree = "<group>"; };
		A161E9C71DDBBAA800D01C70 /* DDXMLNode.m */ = {isa = PBXFileReference; fileEncoding = 4; lastKnownFileType = sourcecode.c.objc; path = DDXMLNode.m; sourceTree = "<group>"; };
		A161E9C91DDBBAA800D01C70 /* DDXMLPrivate.h */ = {isa = PBXFileReference; fileEncoding = 4; lastKnownFileType = sourcecode.c.h; path = DDXMLPrivate.h; sourceTree = "<group>"; };
		A1C0CF141E37CF8A007ED6C0 /* SplashScreenVC.swift */ = {isa = PBXFileReference; fileEncoding = 4; lastKnownFileType = sourcecode.swift; path = SplashScreenVC.swift; sourceTree = "<group>"; };
		A1C0CF161E37CFA1007ED6C0 /* ReplaceSegue.swift */ = {isa = PBXFileReference; fileEncoding = 4; lastKnownFileType = sourcecode.swift; path = ReplaceSegue.swift; sourceTree = "<group>"; };
		E1C681CE2018D82800028BB4 /* AKAMMediaExtensions.framework */ = {isa = PBXFileReference; lastKnownFileType = wrapper.framework; name = AKAMMediaExtensions.framework; path = Frameworks/AKAMMediaExtensions.framework; sourceTree = "<group>"; };
		E1C681D32018EC6100028BB4 /* AnalyticsManager.swift */ = {isa = PBXFileReference; lastKnownFileType = sourcecode.swift; path = AnalyticsManager.swift; sourceTree = "<group>"; };
		E1C681D5201945D400028BB4 /* AnalyticsProtocolDelegate.swift */ = {isa = PBXFileReference; lastKnownFileType = sourcecode.swift; path = AnalyticsProtocolDelegate.swift; sourceTree = "<group>"; };
		F51158171BDE441000DB1774 /* Base */ = {isa = PBXFileReference; lastKnownFileType = text.plist.strings; name = Base; path = Base.lproj/Localizable.strings; sourceTree = "<group>"; };
		F511581C1BDE6CFC00DB1774 /* FocusableButton.swift */ = {isa = PBXFileReference; fileEncoding = 4; lastKnownFileType = sourcecode.swift; path = FocusableButton.swift; sourceTree = "<group>"; };
		F5534D241BCFC64100BEA509 /* FavoritesVC.swift */ = {isa = PBXFileReference; fileEncoding = 4; lastKnownFileType = sourcecode.swift; path = FavoritesVC.swift; sourceTree = "<group>"; };
		F5534D261BCFEB8200BEA509 /* CollectionContainerVC.swift */ = {isa = PBXFileReference; fileEncoding = 4; lastKnownFileType = sourcecode.swift; path = CollectionContainerVC.swift; sourceTree = "<group>"; };
		F553AD201BC660B400A093EF /* <DOT_APP_NAME> */ = {isa = PBXFileReference; explicitFileType = wrapper.application; includeInIndex = 0; path = <DOT_APP_NAME>; sourceTree = BUILT_PRODUCTS_DIR; };
		D7EBC48023EE41FC000FED34 /* SegmentAnalyticsManager.swift */ = {isa = PBXFileReference; lastKnownFileType = sourcecode.swift; path = SegmentAnalyticsManager.swift; sourceTree = "<group>"; };
		F55669311BE8DADC006A3138 /* StyledLabel.swift */ = {isa = PBXFileReference; fileEncoding = 4; lastKnownFileType = sourcecode.swift; path = StyledLabel.swift; sourceTree = "<group>"; };
		F55732131BDA4EBC00D323A0 /* Utils.swift */ = {isa = PBXFileReference; fileEncoding = 4; lastKnownFileType = sourcecode.swift; path = Utils.swift; sourceTree = "<group>"; };
		F5577D921BCE4FDC00F174CE /* URLImageView.swift */ = {isa = PBXFileReference; fileEncoding = 4; lastKnownFileType = sourcecode.swift; path = URLImageView.swift; sourceTree = "<group>"; };
		F5577D961BCE5AE000F174CE /* UIView+Positioning.swift */ = {isa = PBXFileReference; fileEncoding = 4; lastKnownFileType = sourcecode.swift; path = "UIView+Positioning.swift"; sourceTree = "<group>"; };
		F5582CAD1BC7DB8B0089E5E7 /* AppDelegate.swift */ = {isa = PBXFileReference; fileEncoding = 4; lastKnownFileType = sourcecode.swift; path = AppDelegate.swift; sourceTree = "<group>"; };
		F5582CAE1BC7DB8B0089E5E7 /* Assets.xcassets */ = {isa = PBXFileReference; lastKnownFileType = folder.assetcatalog; path = Assets.xcassets; sourceTree = "<group>"; };
		F5582CB01BC7DB8B0089E5E7 /* Base */ = {isa = PBXFileReference; lastKnownFileType = file.storyboard; name = Base; path = Base.lproj/Main.storyboard; sourceTree = "<group>"; };
		F5582CB51BC7DB8B0089E5E7 /* Info.plist */ = {isa = PBXFileReference; fileEncoding = 4; lastKnownFileType = text.plist.xml; path = Info.plist; sourceTree = "<group>"; };
		F5582CC61BC7E2E10089E5E7 /* PlayerVC.swift */ = {isa = PBXFileReference; fileEncoding = 4; lastKnownFileType = sourcecode.swift; path = PlayerVC.swift; sourceTree = "<group>"; };
		F5582CC71BC7E2E10089E5E7 /* HomeVC.swift */ = {isa = PBXFileReference; fileEncoding = 4; lastKnownFileType = sourcecode.swift; path = HomeVC.swift; sourceTree = "<group>"; };
		F5582CCD1BC7F9DC0089E5E7 /* ImageCell.swift */ = {isa = PBXFileReference; fileEncoding = 4; lastKnownFileType = sourcecode.swift; path = ImageCell.swift; sourceTree = "<group>"; };
		F5582CCF1BC7FA350089E5E7 /* ControllerCell.swift */ = {isa = PBXFileReference; fileEncoding = 4; lastKnownFileType = sourcecode.swift; path = ControllerCell.swift; sourceTree = "<group>"; };
		F5582CD11BC818CA0089E5E7 /* ShowDetailsVC.swift */ = {isa = PBXFileReference; fileEncoding = 4; lastKnownFileType = sourcecode.swift; path = ShowDetailsVC.swift; sourceTree = "<group>"; };
		F5582CD31BC819110089E5E7 /* Const.swift */ = {isa = PBXFileReference; fileEncoding = 4; lastKnownFileType = sourcecode.swift; path = Const.swift; sourceTree = "<group>"; };
		F5586B081BCBD1D6001DEB5B /* BaseCollectionVC.swift */ = {isa = PBXFileReference; fileEncoding = 4; lastKnownFileType = sourcecode.swift; path = BaseCollectionVC.swift; sourceTree = "<group>"; };
		F558AC841BD508E600D8E677 /* ScrollableTextAlertVC.swift */ = {isa = PBXFileReference; fileEncoding = 4; lastKnownFileType = sourcecode.swift; path = ScrollableTextAlertVC.swift; sourceTree = "<group>"; };
		F55940381C048F2700A0ECFF /* FadeNavigationAnimationController.swift */ = {isa = PBXFileReference; fileEncoding = 4; lastKnownFileType = sourcecode.swift; path = FadeNavigationAnimationController.swift; sourceTree = "<group>"; };
		F559403B1C048F4200A0ECFF /* FocusableView.swift */ = {isa = PBXFileReference; fileEncoding = 4; lastKnownFileType = sourcecode.swift; path = FocusableView.swift; sourceTree = "<group>"; };
		F55957D81BD77D3E004A01A9 /* PagerCell.swift */ = {isa = PBXFileReference; fileEncoding = 4; lastKnownFileType = sourcecode.swift; path = PagerCell.swift; sourceTree = "<group>"; };
		F55957DA1BD7D1B2004A01A9 /* SDKHelpers.swift */ = {isa = PBXFileReference; fileEncoding = 4; lastKnownFileType = sourcecode.swift; path = SDKHelpers.swift; sourceTree = "<group>"; };
		F5D98CBF1BE3855D00C986B4 /* GradientMaskView.swift */ = {isa = PBXFileReference; fileEncoding = 4; lastKnownFileType = sourcecode.swift; path = GradientMaskView.swift; sourceTree = "<group>"; };
		F5D98CCE1BE3B09500C986B4 /* HeaderCell.swift */ = {isa = PBXFileReference; fileEncoding = 4; lastKnownFileType = sourcecode.swift; path = HeaderCell.swift; sourceTree = "<group>"; };
		F5D98CE21BE3B8F200C986B4 /* ModalProgressVC.swift */ = {isa = PBXFileReference; fileEncoding = 4; lastKnownFileType = sourcecode.swift; path = ModalProgressVC.swift; sourceTree = "<group>"; };
		F5D98CE71BE3BFBB00C986B4 /* TabBarVC.swift */ = {isa = PBXFileReference; fileEncoding = 4; lastKnownFileType = sourcecode.swift; path = TabBarVC.swift; sourceTree = "<group>"; };
		F5E6DA3E1BCEB03A00BE842B /* SearchVC.swift */ = {isa = PBXFileReference; fileEncoding = 4; lastKnownFileType = sourcecode.swift; path = SearchVC.swift; sourceTree = "<group>"; };
		FA01D4CD1F8EBB0200A8D131 /* MyLibraryVC.swift */ = {isa = PBXFileReference; lastKnownFileType = sourcecode.swift; path = MyLibraryVC.swift; sourceTree = "<group>"; };
		FA01D4CF1F902A7900A8D131 /* Array+Unique.swift */ = {isa = PBXFileReference; lastKnownFileType = sourcecode.swift; path = "Array+Unique.swift"; sourceTree = "<group>"; };
		FAD19CD21FA9259500956052 /* SettingsVC.swift */ = {isa = PBXFileReference; lastKnownFileType = sourcecode.swift; path = SettingsVC.swift; sourceTree = "<group>"; };
/* End PBXFileReference section */

/* Begin PBXFrameworksBuildPhase section */
		F553AD1D1BC660B400A093EF /* Frameworks */ = {
			isa = PBXFrameworksBuildPhase;
			buildActionMask = 2147483647;
			files = (
				E1C681CF2018D82800028BB4 /* AKAMMediaExtensions.framework in Frameworks */,
			);
			runOnlyForDeploymentPostprocessing = 0;
		};
/* End PBXFrameworksBuildPhase section */

/* Begin PBXGroup section */
		2BB89B1322665D57003B3C5E /* Guide */ = {
			isa = PBXGroup;
			children = (
				2BB89B1722665F83003B3C5E /* GuideChannelHeader.swift */,
				2BB89B1622665F83003B3C5E /* GuideTimeHeader.swift */,
				2BB89B0F226605CD003B3C5E /* GuideVC.swift */,
				2BB89B1422665D78003B3C5E /* GuideCollectionViewLayout.swift */,
				2BB89B1C22678BD8003B3C5E /* GuideDateHeader.swift */,
			);
			path = Guide;
			sourceTree = "<group>";
		};
		A161E99D1DDBBAA800D01C70 /* AVOD */ = {
			isa = PBXGroup;
			children = (
				A161E99E1DDBBAA800D01C70 /* DVPlayerView.h */,
				A161E99F1DDBBAA800D01C70 /* DVPlayerView.m */,
				A161E9A01DDBBAA800D01C70 /* DVVAST */,
				A161E9B81DDBBAA800D01C70 /* DVVAST-Bridging-Header.h */,
				A161E9B91DDBBAA800D01C70 /* KissXML */,
			);
			path = AVOD;
			sourceTree = "<group>";
		};
		A161E9A01DDBBAA800D01C70 /* DVVAST */ = {
			isa = PBXGroup;
			children = (
				A161E9A11DDBBAA800D01C70 /* Classes */,
				A161E9B61DDBBAA800D01C70 /* DVVAST.podspec */,
				A161E9B71DDBBAA800D01C70 /* LICENSE.txt */,
			);
			path = DVVAST;
			sourceTree = "<group>";
		};
		A161E9A11DDBBAA800D01C70 /* Classes */ = {
			isa = PBXGroup;
			children = (
				A161E9A21DDBBAA800D01C70 /* DVIABPlayer.h */,
				A161E9A31DDBBAA800D01C70 /* DVIABPlayer.m */,
				A161E9A41DDBBAA800D01C70 /* DVInlineVideoAd.h */,
				A161E9A51DDBBAA800D01C70 /* DVInlineVideoAd.m */,
				A161E9A61DDBBAA800D01C70 /* DVLog.h */,
				A161E9A71DDBBAA800D01C70 /* DVTimeIntervalFormatter.h */,
				A161E9A81DDBBAA800D01C70 /* DVTimeIntervalFormatter.m */,
				A161E9A91DDBBAA800D01C70 /* DVVAST.pch */,
				A161E9AA1DDBBAA800D01C70 /* DVVideoAd.h */,
				A161E9AB1DDBBAA800D01C70 /* DVVideoAd.m */,
				A161E9AC1DDBBAA800D01C70 /* DVVideoAdServingTemplate+Parsing.h */,
				A161E9AD1DDBBAA800D01C70 /* DVVideoAdServingTemplate+Parsing.m */,
				A161E9AE1DDBBAA800D01C70 /* DVVideoAdServingTemplate.h */,
				A161E9AF1DDBBAA800D01C70 /* DVVideoAdServingTemplate.m */,
				A161E9B01DDBBAA800D01C70 /* DVVideoMultipleAdPlaylist.h */,
				A161E9B11DDBBAA800D01C70 /* DVVideoMultipleAdPlaylist.m */,
				A161E9B21DDBBAA800D01C70 /* DVVideoPlayBreak.h */,
				A161E9B31DDBBAA800D01C70 /* DVVideoPlayBreak.m */,
				A161E9B41DDBBAA800D01C70 /* DVWrapperVideoAd.h */,
				A161E9B51DDBBAA800D01C70 /* DVWrapperVideoAd.m */,
			);
			path = Classes;
			sourceTree = "<group>";
		};
		A161E9B91DDBBAA800D01C70 /* KissXML */ = {
			isa = PBXGroup;
			children = (
				A161E9BA1DDBBAA800D01C70 /* Additions */,
				A161E9BD1DDBBAA800D01C70 /* Categories */,
				A161E9C01DDBBAA800D01C70 /* DDXML.h */,
				A161E9C11DDBBAA800D01C70 /* DDXML.swift */,
				A161E9C21DDBBAA800D01C70 /* DDXMLDocument.h */,
				A161E9C31DDBBAA800D01C70 /* DDXMLDocument.m */,
				A161E9C41DDBBAA800D01C70 /* DDXMLElement.h */,
				A161E9C51DDBBAA800D01C70 /* DDXMLElement.m */,
				A161E9C61DDBBAA800D01C70 /* DDXMLNode.h */,
				A161E9C71DDBBAA800D01C70 /* DDXMLNode.m */,
				A161E9C81DDBBAA800D01C70 /* Private */,
			);
			path = KissXML;
			sourceTree = "<group>";
		};
		A161E9BA1DDBBAA800D01C70 /* Additions */ = {
			isa = PBXGroup;
			children = (
				A161E9BB1DDBBAA800D01C70 /* DDXMLElementAdditions.h */,
				A161E9BC1DDBBAA800D01C70 /* DDXMLElementAdditions.m */,
			);
			path = Additions;
			sourceTree = "<group>";
		};
		A161E9BD1DDBBAA800D01C70 /* Categories */ = {
			isa = PBXGroup;
			children = (
				A161E9BE1DDBBAA800D01C70 /* NSString+DDXML.h */,
				A161E9BF1DDBBAA800D01C70 /* NSString+DDXML.m */,
			);
			path = Categories;
			sourceTree = "<group>";
		};
		A161E9C81DDBBAA800D01C70 /* Private */ = {
			isa = PBXGroup;
			children = (
				A161E9C91DDBBAA800D01C70 /* DDXMLPrivate.h */,
			);
			path = Private;
			sourceTree = "<group>";
		};
		E1C681D22018EC3F00028BB4 /* Managers */ = {
			isa = PBXGroup;
			children = (
				E1C681D32018EC6100028BB4 /* AnalyticsManager.swift */,
				D7EBC48023EE41FC000FED34 /* SegmentAnalyticsManager.swift */,
			);
			path = Managers;
			sourceTree = "<group>";
		};
		F553AD171BC660B400A093EF = {
			isa = PBXGroup;
			children = (
				E1C681CE2018D82800028BB4 /* AKAMMediaExtensions.framework */,
				A161E99D1DDBBAA800D01C70 /* AVOD */,
				F5582CAC1BC7DB8B0089E5E7 /* Zype */,
				F553AD211BC660B400A093EF /* Products */,
			);
			sourceTree = "<group>";
		};
		F553AD211BC660B400A093EF /* Products */ = {
			isa = PBXGroup;
			children = (
				F553AD201BC660B400A093EF /* <DOT_APP_NAME> */,
			);
			name = Products;
			sourceTree = "<group>";
		};
		F5582CAC1BC7DB8B0089E5E7 /* Zype */ = {
			isa = PBXGroup;
			children = (
				E1C681D22018EC3F00028BB4 /* Managers */,
				F5586B051BCBB76D001DEB5B /* Helpers */,
				F5582CC21BC7E2870089E5E7 /* Support files */,
				F5582CCC1BC7F9DC0089E5E7 /* Cells */,
				F587A3251BCD132A00CB4A1D /* Views */,
				F5582CC31BC7E2E10089E5E7 /* View Controllers */,
				F5582CAD1BC7DB8B0089E5E7 /* AppDelegate.swift */,
				F5582CAF1BC7DB8B0089E5E7 /* Main.storyboard */,
				F5582CD31BC819110089E5E7 /* Const.swift */,
			);
			path = Zype;
			sourceTree = "<group>";
		};
		F5582CC21BC7E2870089E5E7 /* Support files */ = {
			isa = PBXGroup;
			children = (
				F5582CAE1BC7DB8B0089E5E7 /* Assets.xcassets */,
				F5582CB51BC7DB8B0089E5E7 /* Info.plist */,
				F51158181BDE441000DB1774 /* Localizable.strings */,
			);
			name = "Support files";
			sourceTree = "<group>";
		};
		F5582CC31BC7E2E10089E5E7 /* View Controllers */ = {
			isa = PBXGroup;
			children = (
				2BB89B1322665D57003B3C5E /* Guide */,
				F5D98CE21BE3B8F200C986B4 /* ModalProgressVC.swift */,
				FA01D4CD1F8EBB0200A8D131 /* MyLibraryVC.swift */,
				F5582CC61BC7E2E10089E5E7 /* PlayerVC.swift */,
				F5582CC71BC7E2E10089E5E7 /* HomeVC.swift */,
				F5586B081BCBD1D6001DEB5B /* BaseCollectionVC.swift */,
				F5E6DA3E1BCEB03A00BE842B /* SearchVC.swift */,
				F5534D241BCFC64100BEA509 /* FavoritesVC.swift */,
				F5534D261BCFEB8200BEA509 /* CollectionContainerVC.swift */,
				F558AC841BD508E600D8E677 /* ScrollableTextAlertVC.swift */,
				F5582CD11BC818CA0089E5E7 /* ShowDetailsVC.swift */,
				F5D98CE71BE3BFBB00C986B4 /* TabBarVC.swift */,
				A1C0CF141E37CF8A007ED6C0 /* SplashScreenVC.swift */,
				473C514F1EE9A37B0051FC6C /* PurchaseVC.swift */,
				FAD19CD21FA9259500956052 /* SettingsVC.swift */,
			);
			path = "View Controllers";
			sourceTree = "<group>";
		};
		F5582CCC1BC7F9DC0089E5E7 /* Cells */ = {
			isa = PBXGroup;
			children = (
				F5582CCD1BC7F9DC0089E5E7 /* ImageCell.swift */,
				F5582CCF1BC7FA350089E5E7 /* ControllerCell.swift */,
				F55957D81BD77D3E004A01A9 /* PagerCell.swift */,
				F5D98CCE1BE3B09500C986B4 /* HeaderCell.swift */,
				2BB89B11226631F8003B3C5E /* GuideCell.swift */,
				2B608C272270DAFB00E67E69 /* GuideDetailCell.swift */,
			);
			path = Cells;
			sourceTree = "<group>";
		};
		F5586B051BCBB76D001DEB5B /* Helpers */ = {
			isa = PBXGroup;
			children = (
				F5577D961BCE5AE000F174CE /* UIView+Positioning.swift */,
				A1C0CF161E37CFA1007ED6C0 /* ReplaceSegue.swift */,
				F55957DA1BD7D1B2004A01A9 /* SDKHelpers.swift */,
				F55732131BDA4EBC00D323A0 /* Utils.swift */,
				F55940381C048F2700A0ECFF /* FadeNavigationAnimationController.swift */,
				47102CDB1ECBA02F0060AF02 /* AdProtocolDelegate.swift */,
				473C51491EE8ACA40051FC6C /* InAppPurchaseManager.swift */,
				FA01D4CF1F902A7900A8D131 /* Array+Unique.swift */,
				E1C681D5201945D400028BB4 /* AnalyticsProtocolDelegate.swift */,
			);
			path = Helpers;
			sourceTree = "<group>";
		};
		F587A3251BCD132A00CB4A1D /* Views */ = {
			isa = PBXGroup;
			children = (
				F5D98CBF1BE3855D00C986B4 /* GradientMaskView.swift */,
				F5577D921BCE4FDC00F174CE /* URLImageView.swift */,
				F511581C1BDE6CFC00DB1774 /* FocusableButton.swift */,
				F55669311BE8DADC006A3138 /* StyledLabel.swift */,
				F559403B1C048F4200A0ECFF /* FocusableView.swift */,
				4290D0E223577286000076BB /* TransparentFocusableView.swift */,
			);
			path = Views;
			sourceTree = "<group>";
		};
/* End PBXGroup section */

/* Begin PBXNativeTarget section */
		F553AD1F1BC660B400A093EF /* <PROJECT_NAME> */ = {
			isa = PBXNativeTarget;
			buildConfigurationList = F553AD2F1BC660B400A093EF /* Build configuration list for PBXNativeTarget "<PROJECT_NAME>" */;
			buildPhases = (
				F553AD1C1BC660B400A093EF /* Sources */,
				F553AD1D1BC660B400A093EF /* Frameworks */,
				F553AD1E1BC660B400A093EF /* Resources */,
				F5D98CDD1BE3B6A300C986B4 /* Embed Frameworks */,
				E1591D8E206995ED00BDE177 /* ShellScript */,
			);
			buildRules = (
			);
			dependencies = (
			);
			name = <PROJECT_NAME>;
			productName = UITest;
			productReference = F553AD201BC660B400A093EF /* <DOT_APP_NAME> */;
			productType = "com.apple.product-type.application";
		};
/* End PBXNativeTarget section */

/* Begin PBXProject section */
		F553AD181BC660B400A093EF /* Project object */ = {
			isa = PBXProject;
			attributes = {
				LastSwiftUpdateCheck = 0710;
				LastUpgradeCheck = 0710;
				ORGANIZATIONNAME = "Eugene Lizhnyk";
				TargetAttributes = {
					F553AD1F1BC660B400A093EF = {
						CreatedOnToolsVersion = 7.1;
						DevelopmentTeam = 66JU87JGLE;
					};
				};
			};
			buildConfigurationList = F553AD1B1BC660B400A093EF /* Build configuration list for PBXProject "<PROJECT_NAME>" */;
			compatibilityVersion = "Xcode 3.2";
			developmentRegion = English;
			hasScannedForEncodings = 0;
			knownRegions = (
				en,
				Base,
			);
			mainGroup = F553AD171BC660B400A093EF;
			productRefGroup = F553AD211BC660B400A093EF /* Products */;
			projectDirPath = "";
			projectRoot = "";
			targets = (
				F553AD1F1BC660B400A093EF /* <PROJECT_NAME> */,
			);
		};
/* End PBXProject section */

/* Begin PBXResourcesBuildPhase section */
		F553AD1E1BC660B400A093EF /* Resources */ = {
			isa = PBXResourcesBuildPhase;
			buildActionMask = 2147483647;
			files = (
				F5582CB91BC7DB8B0089E5E7 /* Assets.xcassets in Resources */,
				F51158161BDE441000DB1774 /* Localizable.strings in Resources */,
				A161E9D41DDBBAA800D01C70 /* DVVAST.podspec in Resources */,
				A161E9D51DDBBAA800D01C70 /* LICENSE.txt in Resources */,
				F5582CBA1BC7DB8B0089E5E7 /* Main.storyboard in Resources */,
			);
			runOnlyForDeploymentPostprocessing = 0;
		};
/* End PBXResourcesBuildPhase section */

/* Begin PBXShellScriptBuildPhase section */
		E1591D8E206995ED00BDE177 /* ShellScript */ = {
			isa = PBXShellScriptBuildPhase;
			buildActionMask = 8;
			files = (
			);
			inputPaths = (
			);
			outputPaths = (
			);
			runOnlyForDeploymentPostprocessing = 1;
			shellPath = /bin/sh;
			shellScript = "echo \"Target architectures: $ARCHS\"\n\nAPP_PATH=\"${TARGET_BUILD_DIR}/${WRAPPER_NAME}\"\n\nfind \"$APP_PATH\" -name '*.framework' -type d | while read -r FRAMEWORK\ndo\nFRAMEWORK_EXECUTABLE_NAME=$(defaults read \"$FRAMEWORK/Info.plist\" CFBundleExecutable)\nFRAMEWORK_EXECUTABLE_PATH=\"$FRAMEWORK/$FRAMEWORK_EXECUTABLE_NAME\"\necho \"Executable is $FRAMEWORK_EXECUTABLE_PATH\"\necho $(lipo -info \"$FRAMEWORK_EXECUTABLE_PATH\")\n\nFRAMEWORK_TMP_PATH=\"$FRAMEWORK_EXECUTABLE_PATH-tmp\"\n\n# remove simulator's archs if location is not simulator's directory\ncase \"${TARGET_BUILD_DIR}\" in\n*\"iphonesimulator\")\necho \"No need to remove archs\"\n;;\n*)\nif $(lipo \"$FRAMEWORK_EXECUTABLE_PATH\" -verify_arch \"i386\") ; then\nlipo -output \"$FRAMEWORK_TMP_PATH\" -remove \"i386\" \"$FRAMEWORK_EXECUTABLE_PATH\"\necho \"i386 architecture removed\"\nrm \"$FRAMEWORK_EXECUTABLE_PATH\"\nmv \"$FRAMEWORK_TMP_PATH\" \"$FRAMEWORK_EXECUTABLE_PATH\"\nfi\nif $(lipo \"$FRAMEWORK_EXECUTABLE_PATH\" -verify_arch \"x86_64\") ; then\nlipo -output \"$FRAMEWORK_TMP_PATH\" -remove \"x86_64\" \"$FRAMEWORK_EXECUTABLE_PATH\"\necho \"x86_64 architecture removed\"\nrm \"$FRAMEWORK_EXECUTABLE_PATH\"\nmv \"$FRAMEWORK_TMP_PATH\" \"$FRAMEWORK_EXECUTABLE_PATH\"\nfi\n;;\nesac\n\necho \"Completed for executable $FRAMEWORK_EXECUTABLE_PATH\"\necho $(lipo -info \"$FRAMEWORK_EXECUTABLE_PATH\")\n\ndone";
		};
/* End PBXShellScriptBuildPhase section */

/* Begin PBXSourcesBuildPhase section */
		F553AD1C1BC660B400A093EF /* Sources */ = {
			isa = PBXSourcesBuildPhase;
			buildActionMask = 2147483647;
			files = (
				2BB89B1A22665F83003B3C5E /* GuideChannelHeader.swift in Sources */,
				F5E6DA3F1BCEB03A00BE842B /* SearchVC.swift in Sources */,
				A161E9D91DDBBAA800D01C70 /* DDXMLDocument.m in Sources */,
				F5582CD01BC7FA350089E5E7 /* ControllerCell.swift in Sources */,
				F5582CD21BC818CA0089E5E7 /* ShowDetailsVC.swift in Sources */,
				FA01D4CE1F8EBB0200A8D131 /* MyLibraryVC.swift in Sources */,
				473C51501EE9A37B0051FC6C /* PurchaseVC.swift in Sources */,
				FAD19CD31FA9259500956052 /* SettingsVC.swift in Sources */,
				A1C0CF171E37CFA1007ED6C0 /* ReplaceSegue.swift in Sources */,
				F55957DB1BD7D1B2004A01A9 /* SDKHelpers.swift in Sources */,
				F5534D271BCFEB8200BEA509 /* CollectionContainerVC.swift in Sources */,
				A161E9D01DDBBAA800D01C70 /* DVVideoAdServingTemplate.m in Sources */,
				A161E9CC1DDBBAA800D01C70 /* DVInlineVideoAd.m in Sources */,
				2BB89B1922665F83003B3C5E /* GuideTimeHeader.swift in Sources */,
				A161E9D11DDBBAA800D01C70 /* DVVideoMultipleAdPlaylist.m in Sources */,
				A161E9D61DDBBAA800D01C70 /* DDXMLElementAdditions.m in Sources */,
				F5D98CE81BE3BFBB00C986B4 /* TabBarVC.swift in Sources */,
				A161E9D31DDBBAA800D01C70 /* DVWrapperVideoAd.m in Sources */,
				2BB89B1522665D78003B3C5E /* GuideCollectionViewLayout.swift in Sources */,
				F55940391C048F2700A0ECFF /* FadeNavigationAnimationController.swift in Sources */,
				473C514A1EE8ACA40051FC6C /* InAppPurchaseManager.swift in Sources */,
				A161E9CE1DDBBAA800D01C70 /* DVVideoAd.m in Sources */,
				F5582CB81BC7DB8B0089E5E7 /* AppDelegate.swift in Sources */,
				F559403C1C048F4200A0ECFF /* FocusableView.swift in Sources */,
				E1C681D6201945D400028BB4 /* AnalyticsProtocolDelegate.swift in Sources */,
				A161E9D21DDBBAA800D01C70 /* DVVideoPlayBreak.m in Sources */,
				2BB89B12226631F8003B3C5E /* GuideCell.swift in Sources */,
				A1C0CF151E37CF8A007ED6C0 /* SplashScreenVC.swift in Sources */,
				F5582CCB1BC7E2E10089E5E7 /* HomeVC.swift in Sources */,
				F5577D971BCE5AE000F174CE /* UIView+Positioning.swift in Sources */,
				A161E9DB1DDBBAA800D01C70 /* DDXMLNode.m in Sources */,
				F55957D91BD77D3E004A01A9 /* PagerCell.swift in Sources */,
				A161E9D81DDBBAA800D01C70 /* DDXML.swift in Sources */,
				F5D98CCF1BE3B09500C986B4 /* HeaderCell.swift in Sources */,
				F5582CCE1BC7F9DC0089E5E7 /* ImageCell.swift in Sources */,
				A161E9CF1DDBBAA800D01C70 /* DVVideoAdServingTemplate+Parsing.m in Sources */,
				FA01D4D01F902A7900A8D131 /* Array+Unique.swift in Sources */,
				F55732141BDA4EBC00D323A0 /* Utils.swift in Sources */,
				F5534D251BCFC64100BEA509 /* FavoritesVC.swift in Sources */,
				47102CDC1ECBA02F0060AF02 /* AdProtocolDelegate.swift in Sources */,
				F5577D931BCE4FDC00F174CE /* URLImageView.swift in Sources */,
				A161E9CB1DDBBAA800D01C70 /* DVIABPlayer.m in Sources */,
				A161E9DA1DDBBAA800D01C70 /* DDXMLElement.m in Sources */,
				2BB89B10226605CD003B3C5E /* GuideVC.swift in Sources */,
				F5582CCA1BC7E2E10089E5E7 /* PlayerVC.swift in Sources */,
				2BB89B1D22678BD8003B3C5E /* GuideDateHeader.swift in Sources */,
				F558AC851BD508E600D8E677 /* ScrollableTextAlertVC.swift in Sources */,
				F511581D1BDE6CFC00DB1774 /* FocusableButton.swift in Sources */,
				F5D98CE31BE3B8F200C986B4 /* ModalProgressVC.swift in Sources */,
				E1C681D42018EC6100028BB4 /* AnalyticsManager.swift in Sources */,
				A161E9CA1DDBBAA800D01C70 /* DVPlayerView.m in Sources */,
				A161E9CD1DDBBAA800D01C70 /* DVTimeIntervalFormatter.m in Sources */,
				2B608C282270DAFB00E67E69 /* GuideDetailCell.swift in Sources */,
				F5582CD41BC819110089E5E7 /* Const.swift in Sources */,
				A161E9D71DDBBAA800D01C70 /* NSString+DDXML.m in Sources */,
				F55669321BE8DADC006A3138 /* StyledLabel.swift in Sources */,
				F5586B091BCBD1D6001DEB5B /* BaseCollectionVC.swift in Sources */,
				4290D0E323577286000076BB /* TransparentFocusableView.swift in Sources */,
				D7EBC48123EE41FC000FED34 /* SegmentAnalyticsManager.swift in Sources */,
				F5D98CC01BE3855D00C986B4 /* GradientMaskView.swift in Sources */,
			);
			runOnlyForDeploymentPostprocessing = 0;
		};
/* End PBXSourcesBuildPhase section */

/* Begin PBXVariantGroup section */
		F51158181BDE441000DB1774 /* Localizable.strings */ = {
			isa = PBXVariantGroup;
			children = (
				F51158171BDE441000DB1774 /* Base */,
			);
			name = Localizable.strings;
			sourceTree = "<group>";
		};
		F5582CAF1BC7DB8B0089E5E7 /* Main.storyboard */ = {
			isa = PBXVariantGroup;
			children = (
				F5582CB01BC7DB8B0089E5E7 /* Base */,
			);
			name = Main.storyboard;
			sourceTree = "<group>";
		};
/* End PBXVariantGroup section */

/* Begin XCBuildConfiguration section */
		F553AD2D1BC660B400A093EF /* Debug */ = {
			isa = XCBuildConfiguration;
			buildSettings = {
				ALWAYS_SEARCH_USER_PATHS = NO;
				CLANG_CXX_LANGUAGE_STANDARD = "gnu++0x";
				CLANG_CXX_LIBRARY = "libc++";
				CLANG_ENABLE_MODULES = YES;
				CLANG_ENABLE_OBJC_ARC = YES;
				CLANG_WARN_BOOL_CONVERSION = YES;
				CLANG_WARN_CONSTANT_CONVERSION = YES;
				CLANG_WARN_DIRECT_OBJC_ISA_USAGE = YES_ERROR;
				CLANG_WARN_EMPTY_BODY = YES;
				CLANG_WARN_ENUM_CONVERSION = YES;
				CLANG_WARN_INT_CONVERSION = YES;
				CLANG_WARN_OBJC_ROOT_CLASS = YES_ERROR;
				CLANG_WARN_UNREACHABLE_CODE = YES;
				CLANG_WARN__DUPLICATE_METHOD_MATCH = YES;
				COPY_PHASE_STRIP = NO;
				DEBUG_INFORMATION_FORMAT = dwarf;
				ENABLE_STRICT_OBJC_MSGSEND = YES;
				ENABLE_TESTABILITY = YES;
				GCC_C_LANGUAGE_STANDARD = gnu99;
				GCC_DYNAMIC_NO_PIC = NO;
				GCC_NO_COMMON_BLOCKS = YES;
				GCC_OPTIMIZATION_LEVEL = 0;
				GCC_PREPROCESSOR_DEFINITIONS = (
					"DEBUG=1",
					"$(inherited)",
				);
				GCC_WARN_64_TO_32_BIT_CONVERSION = YES;
				GCC_WARN_ABOUT_RETURN_TYPE = YES_ERROR;
				GCC_WARN_UNDECLARED_SELECTOR = YES;
				GCC_WARN_UNINITIALIZED_AUTOS = YES_AGGRESSIVE;
				GCC_WARN_UNUSED_FUNCTION = YES;
				GCC_WARN_UNUSED_VARIABLE = YES;
				HEADER_SEARCH_PATHS = /usr/include/libxml2;
				MTL_ENABLE_DEBUG_INFO = YES;
				ONLY_ACTIVE_ARCH = YES;
				OTHER_LDFLAGS = "-lxml2";
				SDKROOT = appletvos;
				SWIFT_OBJC_BRIDGING_HEADER = "AVOD/DVVAST-Bridging-Header.h";
				SWIFT_OPTIMIZATION_LEVEL = "-Onone";
				SWIFT_VERSION = 3.0;
				TARGETED_DEVICE_FAMILY = 3;
				TVOS_DEPLOYMENT_TARGET = 9.0;
			};
			name = Debug;
		};
		F553AD2E1BC660B400A093EF /* Release */ = {
			isa = XCBuildConfiguration;
			buildSettings = {
				ALWAYS_SEARCH_USER_PATHS = NO;
				CLANG_CXX_LANGUAGE_STANDARD = "gnu++0x";
				CLANG_CXX_LIBRARY = "libc++";
				CLANG_ENABLE_MODULES = YES;
				CLANG_ENABLE_OBJC_ARC = YES;
				CLANG_WARN_BOOL_CONVERSION = YES;
				CLANG_WARN_CONSTANT_CONVERSION = YES;
				CLANG_WARN_DIRECT_OBJC_ISA_USAGE = YES_ERROR;
				CLANG_WARN_EMPTY_BODY = YES;
				CLANG_WARN_ENUM_CONVERSION = YES;
				CLANG_WARN_INFINITE_RECURSION = YES;
				CLANG_WARN_INT_CONVERSION = YES;
				CLANG_WARN_OBJC_ROOT_CLASS = YES_ERROR;
				CLANG_WARN_SUSPICIOUS_MOVE = YES;
				CLANG_WARN_UNREACHABLE_CODE = YES;
				CLANG_WARN__DUPLICATE_METHOD_MATCH = YES;
				COPY_PHASE_STRIP = NO;
				DEBUG_INFORMATION_FORMAT = "dwarf-with-dsym";
				ENABLE_NS_ASSERTIONS = NO;
				ENABLE_STRICT_OBJC_MSGSEND = YES;
				GCC_C_LANGUAGE_STANDARD = gnu99;
				GCC_NO_COMMON_BLOCKS = YES;
				GCC_WARN_64_TO_32_BIT_CONVERSION = YES;
				GCC_WARN_ABOUT_RETURN_TYPE = YES_ERROR;
				GCC_WARN_UNDECLARED_SELECTOR = YES;
				GCC_WARN_UNINITIALIZED_AUTOS = YES_AGGRESSIVE;
				GCC_WARN_UNUSED_FUNCTION = YES;
				GCC_WARN_UNUSED_VARIABLE = YES;
				HEADER_SEARCH_PATHS = /usr/include/libxml2;
				MTL_ENABLE_DEBUG_INFO = NO;
				OTHER_LDFLAGS = "-lxml2";
				SDKROOT = appletvos;
				SWIFT_OBJC_BRIDGING_HEADER = "AVOD/DVVAST-Bridging-Header.h";
				SWIFT_OPTIMIZATION_LEVEL = "-Owholemodule";
				SWIFT_VERSION = 3.0;
				TARGETED_DEVICE_FAMILY = 3;
				TVOS_DEPLOYMENT_TARGET = 9.0;
				VALIDATE_PRODUCT = YES;
			};
			name = Release;
		};
		F553AD301BC660B400A093EF /* Debug */ = {
			isa = XCBuildConfiguration;
			buildSettings = {
				ALWAYS_EMBED_SWIFT_STANDARD_LIBRARIES = NO;
				ASSETCATALOG_COMPILER_APPICON_NAME = "App Icon & Top Shelf Image";
				ASSETCATALOG_COMPILER_LAUNCHIMAGE_NAME = LaunchImage;
				CODE_SIGN_IDENTITY = "iPhone Developer";
				DEVELOPMENT_TEAM = 66JU87JGLE;
				EMBEDDED_CONTENT_CONTAINS_SWIFT = NO;
				FRAMEWORK_SEARCH_PATHS = (
					"$(inherited)",
					"$(PROJECT_DIR)/Frameworks",
				);
				INFOPLIST_FILE = Zype/Info.plist;
				LD_RUNPATH_SEARCH_PATHS = "$(inherited) @executable_path/Frameworks";
				ONLY_ACTIVE_ARCH = YES;
				OTHER_LDFLAGS = "-lxml2";
				PRODUCT_BUNDLE_IDENTIFIER = <PRODUCT_BUNDLE_IDENTIFIER>;
				PRODUCT_NAME = <PROJECT_NAME>;
				SDKROOT = appletvos;
				SWIFT_VERSION = 3.0;
			};
			name = Debug;
		};
		F553AD311BC660B400A093EF /* Release */ = {
			isa = XCBuildConfiguration;
			buildSettings = {
				ALWAYS_EMBED_SWIFT_STANDARD_LIBRARIES = NO;
				ASSETCATALOG_COMPILER_APPICON_NAME = "App Icon & Top Shelf Image";
				ASSETCATALOG_COMPILER_LAUNCHIMAGE_NAME = LaunchImage;
				CODE_SIGN_IDENTITY = "iPhone Developer";
				DEVELOPMENT_TEAM = 66JU87JGLE;
				EMBEDDED_CONTENT_CONTAINS_SWIFT = NO;
				FRAMEWORK_SEARCH_PATHS = (
					"$(inherited)",
					"$(PROJECT_DIR)/Frameworks",
				);
				INFOPLIST_FILE = Zype/Info.plist;
				LD_RUNPATH_SEARCH_PATHS = "$(inherited) @executable_path/Frameworks";
				ONLY_ACTIVE_ARCH = NO;
				OTHER_LDFLAGS = "-lxml2";
				PRODUCT_BUNDLE_IDENTIFIER = <PRODUCT_BUNDLE_IDENTIFIER>;
				PRODUCT_NAME = <PROJECT_NAME>;
				SDKROOT = appletvos;
				SWIFT_VERSION = 3.0;
			};
			name = Release;
		};
/* End XCBuildConfiguration section */

/* Begin XCConfigurationList section */
		F553AD1B1BC660B400A093EF /* Build configuration list for PBXProject "<PROJECT_NAME>" */ = {
			isa = XCConfigurationList;
			buildConfigurations = (
				F553AD2D1BC660B400A093EF /* Debug */,
				F553AD2E1BC660B400A093EF /* Release */,
			);
			defaultConfigurationIsVisible = 0;
			defaultConfigurationName = Release;
		};
		F553AD2F1BC660B400A093EF /* Build configuration list for PBXNativeTarget "<PROJECT_NAME>" */ = {
			isa = XCConfigurationList;
			buildConfigurations = (
				F553AD301BC660B400A093EF /* Debug */,
				F553AD311BC660B400A093EF /* Release */,
			);
			defaultConfigurationIsVisible = 0;
			defaultConfigurationName = Release;
		};
/* End XCConfigurationList section */
	};
	rootObject = F553AD181BC660B400A093EF /* Project object */;
}
